
Microsoft Visual Studio Solution File, Format Version 12.00
# Visual Studio Version 17
VisualStudioVersion = 17.9.34321.82
MinimumVisualStudioVersion = 10.0.40219.1
Project("{9A19103F-16F7-4668-BE54-9A1E7A4F7556}") = "dec1-part1", "dec1\dec1-part1.csproj", "{B7EA0AC2-DADD-496A-89BF-67903D70F2C7}"
EndProject
Project("{9A19103F-16F7-4668-BE54-9A1E7A4F7556}") = "dec1-part2", "dec1-part2\dec1-part2.csproj", "{6CD1CE4F-0880-499B-A3CA-FE524FB3FC28}"
EndProject
Project("{9A19103F-16F7-4668-BE54-9A1E7A4F7556}") = "dec2-part1", "dec2-part1\dec2-part1.csproj", "{8F797A00-6477-4CAC-AE8B-9132638101C5}"
EndProject
Project("{9A19103F-16F7-4668-BE54-9A1E7A4F7556}") = "dec2-part2", "dec2-part2\dec2-part2.csproj", "{DC410641-91C6-4856-9778-C583F30A6932}"
EndProject
Project("{9A19103F-16F7-4668-BE54-9A1E7A4F7556}") = "dec3-part1", "dec3-part1\dec3-part1.csproj", "{2A70AEF5-7174-4C84-B66D-3D9D8B0342B1}"
EndProject
Project("{9A19103F-16F7-4668-BE54-9A1E7A4F7556}") = "dec3-part2", "dec3-part2\dec3-part2.csproj", "{67F73549-401D-4870-B2B2-E7DFE803AA95}"
EndProject
Project("{2150E333-8FDC-42A3-9474-1A3956D46DE8}") = "CodeSnippets", "CodeSnippets", "{B1715459-4368-4DA1-A4A2-89A8DB9DC44F}"
	ProjectSection(SolutionItems) = preProject
		readfile_snippet.md = readfile_snippet.md
	EndProjectSection
EndProject
Project("{9A19103F-16F7-4668-BE54-9A1E7A4F7556}") = "dec4-part1", "dec4-part1\dec4-part1.csproj", "{91273903-A31E-4293-8F5E-F419437A3890}"
EndProject
Project("{9A19103F-16F7-4668-BE54-9A1E7A4F7556}") = "dec4-part2", "dec4-part2\dec4-part2.csproj", "{75B92492-6246-43F8-A176-6B75836EA460}"
EndProject
Project("{9A19103F-16F7-4668-BE54-9A1E7A4F7556}") = "dec5-part1", "dec5-part1\dec5-part1.csproj", "{E2C9CBD8-D0F2-401C-B7EE-ADE2F0AE7B62}"
EndProject
Project("{9A19103F-16F7-4668-BE54-9A1E7A4F7556}") = "dec5-part2", "dec5-part2\dec5-part2.csproj", "{7768BBD6-C305-4774-A69C-3E47C2903B38}"
EndProject
Project("{9A19103F-16F7-4668-BE54-9A1E7A4F7556}") = "dec6-part1", "dec6-part1\dec6-part1.csproj", "{5D7B3D74-02AD-4F0E-ABF1-7360454AD93D}"
EndProject
Project("{9A19103F-16F7-4668-BE54-9A1E7A4F7556}") = "dec6-part2", "dec6-part2\dec6-part2.csproj", "{492D6C0A-1540-4CAE-9E64-BE3EE6055396}"
EndProject
Project("{9A19103F-16F7-4668-BE54-9A1E7A4F7556}") = "dec7-part1", "dec7-part1\dec7-part1.csproj", "{E31D64EB-4BA0-4E10-A513-EB0B85B9DAF3}"
EndProject
Project("{9A19103F-16F7-4668-BE54-9A1E7A4F7556}") = "dec7-part2", "dec7-part2\dec7-part2.csproj", "{48D22317-72DB-4B84-AB1E-6C691E70FEA2}"
EndProject
Project("{2150E333-8FDC-42A3-9474-1A3956D46DE8}") = "2023", "2023", "{30DE1BBD-BD4B-41E1-B38F-8CD678598542}"
EndProject
Project("{9A19103F-16F7-4668-BE54-9A1E7A4F7556}") = "dec8-part1", "dec8-part1\dec8-part1.csproj", "{D63D3F24-D3C5-44B0-9E54-493E58972123}"
EndProject
Project("{9A19103F-16F7-4668-BE54-9A1E7A4F7556}") = "dec8-part2", "dec8-part2\dec8-part2.csproj", "{8043180A-7FDD-4245-943F-CE3E8DBAEB00}"
EndProject
Project("{9A19103F-16F7-4668-BE54-9A1E7A4F7556}") = "dec9-part1", "dec9-part1\dec9-part1.csproj", "{4ECC970C-9BDD-4938-B70D-5344CBF45A41}"
EndProject
Project("{9A19103F-16F7-4668-BE54-9A1E7A4F7556}") = "dec9-part2", "dec9-part2\dec9-part2.csproj", "{E45C03CF-E51B-4BDC-91C9-48C6D254CF2B}"
EndProject
Project("{9A19103F-16F7-4668-BE54-9A1E7A4F7556}") = "dec10-part1", "dec10-part1\dec10-part1.csproj", "{54101B92-F87D-4B23-8924-9E55ACCD5B0F}"
EndProject
Project("{9A19103F-16F7-4668-BE54-9A1E7A4F7556}") = "dec10-part2", "dec10-part2\dec10-part2.csproj", "{A6E927A7-5CA6-43AB-987E-CA31A545AECC}"
EndProject
Project("{9A19103F-16F7-4668-BE54-9A1E7A4F7556}") = "dec11-part1", "dec11-part1\dec11-part1.csproj", "{79F07959-0905-453D-8474-BEE4CBEF3D82}"
EndProject
Project("{9A19103F-16F7-4668-BE54-9A1E7A4F7556}") = "dec11-part2", "dec11-part2\dec11-part2.csproj", "{1552CF3D-890F-4E2D-AA55-1787CEE77253}"
EndProject
Project("{9A19103F-16F7-4668-BE54-9A1E7A4F7556}") = "dec12-part1", "dec12-part1\dec12-part1.csproj", "{F5DCB7B3-AD8A-4AB1-98FD-309680899CA1}"
EndProject
Project("{9A19103F-16F7-4668-BE54-9A1E7A4F7556}") = "dec12-part2", "dec12-part2\dec12-part2.csproj", "{6D53FDE7-D0B5-4EB9-A9E6-CD0F438A0BAD}"
EndProject
Project("{9A19103F-16F7-4668-BE54-9A1E7A4F7556}") = "dec12-part3", "dec12-part3\dec12-part3.csproj", "{FB8B048C-BA63-425B-B761-471F3699BBB6}"
EndProject
Project("{9A19103F-16F7-4668-BE54-9A1E7A4F7556}") = "dec13-part1", "dec13-part1\dec13-part1.csproj", "{A7A1B6BA-4508-4A61-B904-2AE6D04E1F99}"
EndProject
Project("{9A19103F-16F7-4668-BE54-9A1E7A4F7556}") = "dec13-part2", "dec13-part2\dec13-part2.csproj", "{EF6D410C-3BFE-4032-9114-2C84A14E3514}"
EndProject
Project("{9A19103F-16F7-4668-BE54-9A1E7A4F7556}") = "dec14-part1", "dec14-part1\dec14-part1.csproj", "{58695B93-C2E8-4F1A-A4BD-2310F6FD1EF4}"
EndProject
Project("{9A19103F-16F7-4668-BE54-9A1E7A4F7556}") = "dec14-part2", "dec14-part2\dec14-part2.csproj", "{37B1ABB3-E102-460C-8027-4E202B4EEE74}"
EndProject
Project("{9A19103F-16F7-4668-BE54-9A1E7A4F7556}") = "dec15-part1", "dec15-part1\dec15-part1.csproj", "{1DA51E5A-9390-4931-87E5-9E1D3DE1A45B}"
EndProject
Project("{9A19103F-16F7-4668-BE54-9A1E7A4F7556}") = "dec15-part2", "dec15-part2\dec15-part2.csproj", "{34BDF38F-DF3B-479E-B11F-CEB1662CBE61}"
EndProject
Project("{9A19103F-16F7-4668-BE54-9A1E7A4F7556}") = "dec16-part1", "dec16-part1\dec16-part1.csproj", "{8A9C5A9B-DD8E-444A-BBC9-CEB463793C53}"
EndProject
Project("{9A19103F-16F7-4668-BE54-9A1E7A4F7556}") = "dec16-part2", "dec16-part2\dec16-part2.csproj", "{C24329FE-4265-4E25-9879-202E50D7F059}"
EndProject
Project("{9A19103F-16F7-4668-BE54-9A1E7A4F7556}") = "dec17-part1", "dec17-part1\dec17-part1.csproj", "{F7EE7223-00D3-4F9F-87A4-EA651D6959DA}"
EndProject
Project("{9A19103F-16F7-4668-BE54-9A1E7A4F7556}") = "dec17-part2", "dec17-part2\dec17-part2.csproj", "{C2D20B4B-19A1-49CD-A134-B700D4EF165F}"
EndProject
Project("{9A19103F-16F7-4668-BE54-9A1E7A4F7556}") = "dec18-part2", "dec18-part2\dec18-part2.csproj", "{45201E7E-AB7A-43AE-8591-3AD0A8738576}"
EndProject
Project("{9A19103F-16F7-4668-BE54-9A1E7A4F7556}") = "dec18-part1", "dec18-part1\dec18-part1.csproj", "{E90B58A0-BA33-42B2-9AEC-2E0228DA152B}"
EndProject
Project("{9A19103F-16F7-4668-BE54-9A1E7A4F7556}") = "dec19-part1", "dec19-part1\dec19-part1.csproj", "{1D9E0DD8-BD19-4469-A95E-C429BC1FB83B}"
EndProject
Project("{9A19103F-16F7-4668-BE54-9A1E7A4F7556}") = "dec19-part2", "dec19-part2\dec19-part2.csproj", "{80147CE6-9905-4679-BFCE-7604BCDC4786}"
EndProject
Project("{9A19103F-16F7-4668-BE54-9A1E7A4F7556}") = "dec20-part1", "dec20-part1\dec20-part1.csproj", "{742FC91E-1315-425D-9CF4-A57F6A649DC4}"
EndProject
Project("{9A19103F-16F7-4668-BE54-9A1E7A4F7556}") = "dec20-part2", "dec20-part2\dec20-part2.csproj", "{CA4007DE-5A7E-4158-873F-56EA3D85B5B7}"
EndProject
Project("{9A19103F-16F7-4668-BE54-9A1E7A4F7556}") = "dec21-part1", "dec21-part1\dec21-part1.csproj", "{494AF9E2-D33D-4ECF-BCC9-B54DC888F54E}"
EndProject
Project("{9A19103F-16F7-4668-BE54-9A1E7A4F7556}") = "dec21-part2", "dec21-part2\dec21-part2.csproj", "{314AFD50-EEF9-40B4-AAB8-BA2C4A4F3089}"
EndProject
Project("{9A19103F-16F7-4668-BE54-9A1E7A4F7556}") = "dec22-part1", "dec22-part1\dec22-part1.csproj", "{E4F6C893-7AED-4EE3-9884-0B3332B43098}"
EndProject
Project("{8BC9CEB8-8B4A-11D0-8D11-00A0C91BC942}") = "Day22-Part1-cpp", "Day22-Part1-cpp\Day22-Part1-cpp.vcxproj", "{452FD97C-08ED-4B18-A468-D72D164A8104}"
EndProject
Project("{9A19103F-16F7-4668-BE54-9A1E7A4F7556}") = "dec23-part1", "dec23-part1\dec23-part1.csproj", "{556B0F5D-15B1-441A-9CFE-D9087E02AE6D}"
EndProject
Project("{9A19103F-16F7-4668-BE54-9A1E7A4F7556}") = "dec23-part2", "dec23-part2\dec23-part2.csproj", "{AB9E0FEE-E37D-4115-9159-A260F2861A35}"
EndProject
Project("{9A19103F-16F7-4668-BE54-9A1E7A4F7556}") = "dec24-part1", "dec24-part1\dec24-part1.csproj", "{E4C85C50-3942-46CC-8BF5-BE1D790C7670}"
EndProject
Project("{9A19103F-16F7-4668-BE54-9A1E7A4F7556}") = "dec24-part2", "dec24-part2\dec24-part2.csproj", "{4DFCEAF7-DD5B-4FD2-8DC6-95EFC758CE16}"
EndProject
Project("{9A19103F-16F7-4668-BE54-9A1E7A4F7556}") = "dec25-part1", "dec25-part1\dec25-part1.csproj", "{D3B20C8C-B702-4B0A-80A0-7B402A294369}"
EndProject
Project("{9A19103F-16F7-4668-BE54-9A1E7A4F7556}") = "dec22-part2", "dec22-part2\dec22-part2.csproj", "{69C3BC7F-12ED-4422-80B8-114BEDA36CD6}"
EndProject
Project("{8BC9CEB8-8B4A-11D0-8D11-00A0C91BC942}") = "day23-part2-cpp", "day23-part2-cpp\day23-part2-cpp.vcxproj", "{623896E3-5559-426D-A52E-239FFFF73B4E}"
EndProject
Project("{9A19103F-16F7-4668-BE54-9A1E7A4F7556}") = "AocLib", "AocMath\AocLib.csproj", "{2D73097F-9B67-4D2A-A0CE-BD6DA80BEBBC}"
EndProject
Project("{8BC9CEB8-8B4A-11D0-8D11-00A0C91BC942}") = "day21-part2-cpp", "day21-part2cpp\day21-part2cpp.vcxproj", "{D33FBF74-A034-4EA0-BA0A-44CA9AB1FF11}"
EndProject
Project("{2150E333-8FDC-42A3-9474-1A3956D46DE8}") = "Solution Items", "Solution Items", "{62277349-F5B5-4FAD-9202-C09C1950F53B}"
	ProjectSection(SolutionItems) = preProject
		ReadMe.md = ReadMe.md
	EndProjectSection
EndProject
Global
	GlobalSection(SolutionConfigurationPlatforms) = preSolution
		Debug|Any CPU = Debug|Any CPU
		Debug|x64 = Debug|x64
		Debug|x86 = Debug|x86
		Release|Any CPU = Release|Any CPU
		Release|x64 = Release|x64
		Release|x86 = Release|x86
	EndGlobalSection
	GlobalSection(ProjectConfigurationPlatforms) = postSolution
		{B7EA0AC2-DADD-496A-89BF-67903D70F2C7}.Debug|Any CPU.ActiveCfg = Debug|Any CPU
		{B7EA0AC2-DADD-496A-89BF-67903D70F2C7}.Debug|Any CPU.Build.0 = Debug|Any CPU
		{B7EA0AC2-DADD-496A-89BF-67903D70F2C7}.Debug|x64.ActiveCfg = Debug|Any CPU
		{B7EA0AC2-DADD-496A-89BF-67903D70F2C7}.Debug|x64.Build.0 = Debug|Any CPU
		{B7EA0AC2-DADD-496A-89BF-67903D70F2C7}.Debug|x86.ActiveCfg = Debug|Any CPU
		{B7EA0AC2-DADD-496A-89BF-67903D70F2C7}.Debug|x86.Build.0 = Debug|Any CPU
		{B7EA0AC2-DADD-496A-89BF-67903D70F2C7}.Release|Any CPU.ActiveCfg = Release|Any CPU
		{B7EA0AC2-DADD-496A-89BF-67903D70F2C7}.Release|Any CPU.Build.0 = Release|Any CPU
		{B7EA0AC2-DADD-496A-89BF-67903D70F2C7}.Release|x64.ActiveCfg = Release|Any CPU
		{B7EA0AC2-DADD-496A-89BF-67903D70F2C7}.Release|x64.Build.0 = Release|Any CPU
		{B7EA0AC2-DADD-496A-89BF-67903D70F2C7}.Release|x86.ActiveCfg = Release|Any CPU
		{B7EA0AC2-DADD-496A-89BF-67903D70F2C7}.Release|x86.Build.0 = Release|Any CPU
		{6CD1CE4F-0880-499B-A3CA-FE524FB3FC28}.Debug|Any CPU.ActiveCfg = Debug|Any CPU
		{6CD1CE4F-0880-499B-A3CA-FE524FB3FC28}.Debug|Any CPU.Build.0 = Debug|Any CPU
		{6CD1CE4F-0880-499B-A3CA-FE524FB3FC28}.Debug|x64.ActiveCfg = Debug|Any CPU
		{6CD1CE4F-0880-499B-A3CA-FE524FB3FC28}.Debug|x64.Build.0 = Debug|Any CPU
		{6CD1CE4F-0880-499B-A3CA-FE524FB3FC28}.Debug|x86.ActiveCfg = Debug|Any CPU
		{6CD1CE4F-0880-499B-A3CA-FE524FB3FC28}.Debug|x86.Build.0 = Debug|Any CPU
		{6CD1CE4F-0880-499B-A3CA-FE524FB3FC28}.Release|Any CPU.ActiveCfg = Release|Any CPU
		{6CD1CE4F-0880-499B-A3CA-FE524FB3FC28}.Release|Any CPU.Build.0 = Release|Any CPU
		{6CD1CE4F-0880-499B-A3CA-FE524FB3FC28}.Release|x64.ActiveCfg = Release|Any CPU
		{6CD1CE4F-0880-499B-A3CA-FE524FB3FC28}.Release|x64.Build.0 = Release|Any CPU
		{6CD1CE4F-0880-499B-A3CA-FE524FB3FC28}.Release|x86.ActiveCfg = Release|Any CPU
		{6CD1CE4F-0880-499B-A3CA-FE524FB3FC28}.Release|x86.Build.0 = Release|Any CPU
		{8F797A00-6477-4CAC-AE8B-9132638101C5}.Debug|Any CPU.ActiveCfg = Debug|Any CPU
		{8F797A00-6477-4CAC-AE8B-9132638101C5}.Debug|Any CPU.Build.0 = Debug|Any CPU
		{8F797A00-6477-4CAC-AE8B-9132638101C5}.Debug|x64.ActiveCfg = Debug|Any CPU
		{8F797A00-6477-4CAC-AE8B-9132638101C5}.Debug|x64.Build.0 = Debug|Any CPU
		{8F797A00-6477-4CAC-AE8B-9132638101C5}.Debug|x86.ActiveCfg = Debug|Any CPU
		{8F797A00-6477-4CAC-AE8B-9132638101C5}.Debug|x86.Build.0 = Debug|Any CPU
		{8F797A00-6477-4CAC-AE8B-9132638101C5}.Release|Any CPU.ActiveCfg = Release|Any CPU
		{8F797A00-6477-4CAC-AE8B-9132638101C5}.Release|Any CPU.Build.0 = Release|Any CPU
		{8F797A00-6477-4CAC-AE8B-9132638101C5}.Release|x64.ActiveCfg = Release|Any CPU
		{8F797A00-6477-4CAC-AE8B-9132638101C5}.Release|x64.Build.0 = Release|Any CPU
		{8F797A00-6477-4CAC-AE8B-9132638101C5}.Release|x86.ActiveCfg = Release|Any CPU
		{8F797A00-6477-4CAC-AE8B-9132638101C5}.Release|x86.Build.0 = Release|Any CPU
		{DC410641-91C6-4856-9778-C583F30A6932}.Debug|Any CPU.ActiveCfg = Debug|Any CPU
		{DC410641-91C6-4856-9778-C583F30A6932}.Debug|Any CPU.Build.0 = Debug|Any CPU
		{DC410641-91C6-4856-9778-C583F30A6932}.Debug|x64.ActiveCfg = Debug|Any CPU
		{DC410641-91C6-4856-9778-C583F30A6932}.Debug|x64.Build.0 = Debug|Any CPU
		{DC410641-91C6-4856-9778-C583F30A6932}.Debug|x86.ActiveCfg = Debug|Any CPU
		{DC410641-91C6-4856-9778-C583F30A6932}.Debug|x86.Build.0 = Debug|Any CPU
		{DC410641-91C6-4856-9778-C583F30A6932}.Release|Any CPU.ActiveCfg = Release|Any CPU
		{DC410641-91C6-4856-9778-C583F30A6932}.Release|Any CPU.Build.0 = Release|Any CPU
		{DC410641-91C6-4856-9778-C583F30A6932}.Release|x64.ActiveCfg = Release|Any CPU
		{DC410641-91C6-4856-9778-C583F30A6932}.Release|x64.Build.0 = Release|Any CPU
		{DC410641-91C6-4856-9778-C583F30A6932}.Release|x86.ActiveCfg = Release|Any CPU
		{DC410641-91C6-4856-9778-C583F30A6932}.Release|x86.Build.0 = Release|Any CPU
		{2A70AEF5-7174-4C84-B66D-3D9D8B0342B1}.Debug|Any CPU.ActiveCfg = Debug|Any CPU
		{2A70AEF5-7174-4C84-B66D-3D9D8B0342B1}.Debug|Any CPU.Build.0 = Debug|Any CPU
		{2A70AEF5-7174-4C84-B66D-3D9D8B0342B1}.Debug|x64.ActiveCfg = Debug|Any CPU
		{2A70AEF5-7174-4C84-B66D-3D9D8B0342B1}.Debug|x64.Build.0 = Debug|Any CPU
		{2A70AEF5-7174-4C84-B66D-3D9D8B0342B1}.Debug|x86.ActiveCfg = Debug|Any CPU
		{2A70AEF5-7174-4C84-B66D-3D9D8B0342B1}.Debug|x86.Build.0 = Debug|Any CPU
		{2A70AEF5-7174-4C84-B66D-3D9D8B0342B1}.Release|Any CPU.ActiveCfg = Release|Any CPU
		{2A70AEF5-7174-4C84-B66D-3D9D8B0342B1}.Release|Any CPU.Build.0 = Release|Any CPU
		{2A70AEF5-7174-4C84-B66D-3D9D8B0342B1}.Release|x64.ActiveCfg = Release|Any CPU
		{2A70AEF5-7174-4C84-B66D-3D9D8B0342B1}.Release|x64.Build.0 = Release|Any CPU
		{2A70AEF5-7174-4C84-B66D-3D9D8B0342B1}.Release|x86.ActiveCfg = Release|Any CPU
		{2A70AEF5-7174-4C84-B66D-3D9D8B0342B1}.Release|x86.Build.0 = Release|Any CPU
		{67F73549-401D-4870-B2B2-E7DFE803AA95}.Debug|Any CPU.ActiveCfg = Debug|Any CPU
		{67F73549-401D-4870-B2B2-E7DFE803AA95}.Debug|Any CPU.Build.0 = Debug|Any CPU
		{67F73549-401D-4870-B2B2-E7DFE803AA95}.Debug|x64.ActiveCfg = Debug|Any CPU
		{67F73549-401D-4870-B2B2-E7DFE803AA95}.Debug|x64.Build.0 = Debug|Any CPU
		{67F73549-401D-4870-B2B2-E7DFE803AA95}.Debug|x86.ActiveCfg = Debug|Any CPU
		{67F73549-401D-4870-B2B2-E7DFE803AA95}.Debug|x86.Build.0 = Debug|Any CPU
		{67F73549-401D-4870-B2B2-E7DFE803AA95}.Release|Any CPU.ActiveCfg = Release|Any CPU
		{67F73549-401D-4870-B2B2-E7DFE803AA95}.Release|Any CPU.Build.0 = Release|Any CPU
		{67F73549-401D-4870-B2B2-E7DFE803AA95}.Release|x64.ActiveCfg = Release|Any CPU
		{67F73549-401D-4870-B2B2-E7DFE803AA95}.Release|x64.Build.0 = Release|Any CPU
		{67F73549-401D-4870-B2B2-E7DFE803AA95}.Release|x86.ActiveCfg = Release|Any CPU
		{67F73549-401D-4870-B2B2-E7DFE803AA95}.Release|x86.Build.0 = Release|Any CPU
		{91273903-A31E-4293-8F5E-F419437A3890}.Debug|Any CPU.ActiveCfg = Debug|Any CPU
		{91273903-A31E-4293-8F5E-F419437A3890}.Debug|Any CPU.Build.0 = Debug|Any CPU
		{91273903-A31E-4293-8F5E-F419437A3890}.Debug|x64.ActiveCfg = Debug|Any CPU
		{91273903-A31E-4293-8F5E-F419437A3890}.Debug|x64.Build.0 = Debug|Any CPU
		{91273903-A31E-4293-8F5E-F419437A3890}.Debug|x86.ActiveCfg = Debug|Any CPU
		{91273903-A31E-4293-8F5E-F419437A3890}.Debug|x86.Build.0 = Debug|Any CPU
		{91273903-A31E-4293-8F5E-F419437A3890}.Release|Any CPU.ActiveCfg = Release|Any CPU
		{91273903-A31E-4293-8F5E-F419437A3890}.Release|Any CPU.Build.0 = Release|Any CPU
		{91273903-A31E-4293-8F5E-F419437A3890}.Release|x64.ActiveCfg = Release|Any CPU
		{91273903-A31E-4293-8F5E-F419437A3890}.Release|x64.Build.0 = Release|Any CPU
		{91273903-A31E-4293-8F5E-F419437A3890}.Release|x86.ActiveCfg = Release|Any CPU
		{91273903-A31E-4293-8F5E-F419437A3890}.Release|x86.Build.0 = Release|Any CPU
		{75B92492-6246-43F8-A176-6B75836EA460}.Debug|Any CPU.ActiveCfg = Debug|Any CPU
		{75B92492-6246-43F8-A176-6B75836EA460}.Debug|Any CPU.Build.0 = Debug|Any CPU
		{75B92492-6246-43F8-A176-6B75836EA460}.Debug|x64.ActiveCfg = Debug|Any CPU
		{75B92492-6246-43F8-A176-6B75836EA460}.Debug|x64.Build.0 = Debug|Any CPU
		{75B92492-6246-43F8-A176-6B75836EA460}.Debug|x86.ActiveCfg = Debug|Any CPU
		{75B92492-6246-43F8-A176-6B75836EA460}.Debug|x86.Build.0 = Debug|Any CPU
		{75B92492-6246-43F8-A176-6B75836EA460}.Release|Any CPU.ActiveCfg = Release|Any CPU
		{75B92492-6246-43F8-A176-6B75836EA460}.Release|Any CPU.Build.0 = Release|Any CPU
		{75B92492-6246-43F8-A176-6B75836EA460}.Release|x64.ActiveCfg = Release|Any CPU
		{75B92492-6246-43F8-A176-6B75836EA460}.Release|x64.Build.0 = Release|Any CPU
		{75B92492-6246-43F8-A176-6B75836EA460}.Release|x86.ActiveCfg = Release|Any CPU
		{75B92492-6246-43F8-A176-6B75836EA460}.Release|x86.Build.0 = Release|Any CPU
		{E2C9CBD8-D0F2-401C-B7EE-ADE2F0AE7B62}.Debug|Any CPU.ActiveCfg = Debug|Any CPU
		{E2C9CBD8-D0F2-401C-B7EE-ADE2F0AE7B62}.Debug|Any CPU.Build.0 = Debug|Any CPU
		{E2C9CBD8-D0F2-401C-B7EE-ADE2F0AE7B62}.Debug|x64.ActiveCfg = Debug|Any CPU
		{E2C9CBD8-D0F2-401C-B7EE-ADE2F0AE7B62}.Debug|x64.Build.0 = Debug|Any CPU
		{E2C9CBD8-D0F2-401C-B7EE-ADE2F0AE7B62}.Debug|x86.ActiveCfg = Debug|Any CPU
		{E2C9CBD8-D0F2-401C-B7EE-ADE2F0AE7B62}.Debug|x86.Build.0 = Debug|Any CPU
		{E2C9CBD8-D0F2-401C-B7EE-ADE2F0AE7B62}.Release|Any CPU.ActiveCfg = Release|Any CPU
		{E2C9CBD8-D0F2-401C-B7EE-ADE2F0AE7B62}.Release|Any CPU.Build.0 = Release|Any CPU
		{E2C9CBD8-D0F2-401C-B7EE-ADE2F0AE7B62}.Release|x64.ActiveCfg = Release|Any CPU
		{E2C9CBD8-D0F2-401C-B7EE-ADE2F0AE7B62}.Release|x64.Build.0 = Release|Any CPU
		{E2C9CBD8-D0F2-401C-B7EE-ADE2F0AE7B62}.Release|x86.ActiveCfg = Release|Any CPU
		{E2C9CBD8-D0F2-401C-B7EE-ADE2F0AE7B62}.Release|x86.Build.0 = Release|Any CPU
		{7768BBD6-C305-4774-A69C-3E47C2903B38}.Debug|Any CPU.ActiveCfg = Debug|Any CPU
		{7768BBD6-C305-4774-A69C-3E47C2903B38}.Debug|Any CPU.Build.0 = Debug|Any CPU
		{7768BBD6-C305-4774-A69C-3E47C2903B38}.Debug|x64.ActiveCfg = Debug|Any CPU
		{7768BBD6-C305-4774-A69C-3E47C2903B38}.Debug|x64.Build.0 = Debug|Any CPU
		{7768BBD6-C305-4774-A69C-3E47C2903B38}.Debug|x86.ActiveCfg = Debug|Any CPU
		{7768BBD6-C305-4774-A69C-3E47C2903B38}.Debug|x86.Build.0 = Debug|Any CPU
		{7768BBD6-C305-4774-A69C-3E47C2903B38}.Release|Any CPU.ActiveCfg = Release|Any CPU
		{7768BBD6-C305-4774-A69C-3E47C2903B38}.Release|Any CPU.Build.0 = Release|Any CPU
		{7768BBD6-C305-4774-A69C-3E47C2903B38}.Release|x64.ActiveCfg = Release|Any CPU
		{7768BBD6-C305-4774-A69C-3E47C2903B38}.Release|x64.Build.0 = Release|Any CPU
		{7768BBD6-C305-4774-A69C-3E47C2903B38}.Release|x86.ActiveCfg = Release|Any CPU
		{7768BBD6-C305-4774-A69C-3E47C2903B38}.Release|x86.Build.0 = Release|Any CPU
		{5D7B3D74-02AD-4F0E-ABF1-7360454AD93D}.Debug|Any CPU.ActiveCfg = Debug|Any CPU
		{5D7B3D74-02AD-4F0E-ABF1-7360454AD93D}.Debug|Any CPU.Build.0 = Debug|Any CPU
		{5D7B3D74-02AD-4F0E-ABF1-7360454AD93D}.Debug|x64.ActiveCfg = Debug|Any CPU
		{5D7B3D74-02AD-4F0E-ABF1-7360454AD93D}.Debug|x64.Build.0 = Debug|Any CPU
		{5D7B3D74-02AD-4F0E-ABF1-7360454AD93D}.Debug|x86.ActiveCfg = Debug|Any CPU
		{5D7B3D74-02AD-4F0E-ABF1-7360454AD93D}.Debug|x86.Build.0 = Debug|Any CPU
		{5D7B3D74-02AD-4F0E-ABF1-7360454AD93D}.Release|Any CPU.ActiveCfg = Release|Any CPU
		{5D7B3D74-02AD-4F0E-ABF1-7360454AD93D}.Release|Any CPU.Build.0 = Release|Any CPU
		{5D7B3D74-02AD-4F0E-ABF1-7360454AD93D}.Release|x64.ActiveCfg = Release|Any CPU
		{5D7B3D74-02AD-4F0E-ABF1-7360454AD93D}.Release|x64.Build.0 = Release|Any CPU
		{5D7B3D74-02AD-4F0E-ABF1-7360454AD93D}.Release|x86.ActiveCfg = Release|Any CPU
		{5D7B3D74-02AD-4F0E-ABF1-7360454AD93D}.Release|x86.Build.0 = Release|Any CPU
		{492D6C0A-1540-4CAE-9E64-BE3EE6055396}.Debug|Any CPU.ActiveCfg = Debug|Any CPU
		{492D6C0A-1540-4CAE-9E64-BE3EE6055396}.Debug|Any CPU.Build.0 = Debug|Any CPU
		{492D6C0A-1540-4CAE-9E64-BE3EE6055396}.Debug|x64.ActiveCfg = Debug|Any CPU
		{492D6C0A-1540-4CAE-9E64-BE3EE6055396}.Debug|x64.Build.0 = Debug|Any CPU
		{492D6C0A-1540-4CAE-9E64-BE3EE6055396}.Debug|x86.ActiveCfg = Debug|Any CPU
		{492D6C0A-1540-4CAE-9E64-BE3EE6055396}.Debug|x86.Build.0 = Debug|Any CPU
		{492D6C0A-1540-4CAE-9E64-BE3EE6055396}.Release|Any CPU.ActiveCfg = Release|Any CPU
		{492D6C0A-1540-4CAE-9E64-BE3EE6055396}.Release|Any CPU.Build.0 = Release|Any CPU
		{492D6C0A-1540-4CAE-9E64-BE3EE6055396}.Release|x64.ActiveCfg = Release|Any CPU
		{492D6C0A-1540-4CAE-9E64-BE3EE6055396}.Release|x64.Build.0 = Release|Any CPU
		{492D6C0A-1540-4CAE-9E64-BE3EE6055396}.Release|x86.ActiveCfg = Release|Any CPU
		{492D6C0A-1540-4CAE-9E64-BE3EE6055396}.Release|x86.Build.0 = Release|Any CPU
		{E31D64EB-4BA0-4E10-A513-EB0B85B9DAF3}.Debug|Any CPU.ActiveCfg = Debug|Any CPU
		{E31D64EB-4BA0-4E10-A513-EB0B85B9DAF3}.Debug|Any CPU.Build.0 = Debug|Any CPU
		{E31D64EB-4BA0-4E10-A513-EB0B85B9DAF3}.Debug|x64.ActiveCfg = Debug|Any CPU
		{E31D64EB-4BA0-4E10-A513-EB0B85B9DAF3}.Debug|x64.Build.0 = Debug|Any CPU
		{E31D64EB-4BA0-4E10-A513-EB0B85B9DAF3}.Debug|x86.ActiveCfg = Debug|Any CPU
		{E31D64EB-4BA0-4E10-A513-EB0B85B9DAF3}.Debug|x86.Build.0 = Debug|Any CPU
		{E31D64EB-4BA0-4E10-A513-EB0B85B9DAF3}.Release|Any CPU.ActiveCfg = Release|Any CPU
		{E31D64EB-4BA0-4E10-A513-EB0B85B9DAF3}.Release|Any CPU.Build.0 = Release|Any CPU
		{E31D64EB-4BA0-4E10-A513-EB0B85B9DAF3}.Release|x64.ActiveCfg = Release|Any CPU
		{E31D64EB-4BA0-4E10-A513-EB0B85B9DAF3}.Release|x64.Build.0 = Release|Any CPU
		{E31D64EB-4BA0-4E10-A513-EB0B85B9DAF3}.Release|x86.ActiveCfg = Release|Any CPU
		{E31D64EB-4BA0-4E10-A513-EB0B85B9DAF3}.Release|x86.Build.0 = Release|Any CPU
		{48D22317-72DB-4B84-AB1E-6C691E70FEA2}.Debug|Any CPU.ActiveCfg = Debug|Any CPU
		{48D22317-72DB-4B84-AB1E-6C691E70FEA2}.Debug|Any CPU.Build.0 = Debug|Any CPU
		{48D22317-72DB-4B84-AB1E-6C691E70FEA2}.Debug|x64.ActiveCfg = Debug|Any CPU
		{48D22317-72DB-4B84-AB1E-6C691E70FEA2}.Debug|x64.Build.0 = Debug|Any CPU
		{48D22317-72DB-4B84-AB1E-6C691E70FEA2}.Debug|x86.ActiveCfg = Debug|Any CPU
		{48D22317-72DB-4B84-AB1E-6C691E70FEA2}.Debug|x86.Build.0 = Debug|Any CPU
		{48D22317-72DB-4B84-AB1E-6C691E70FEA2}.Release|Any CPU.ActiveCfg = Release|Any CPU
		{48D22317-72DB-4B84-AB1E-6C691E70FEA2}.Release|Any CPU.Build.0 = Release|Any CPU
		{48D22317-72DB-4B84-AB1E-6C691E70FEA2}.Release|x64.ActiveCfg = Release|Any CPU
		{48D22317-72DB-4B84-AB1E-6C691E70FEA2}.Release|x64.Build.0 = Release|Any CPU
		{48D22317-72DB-4B84-AB1E-6C691E70FEA2}.Release|x86.ActiveCfg = Release|Any CPU
		{48D22317-72DB-4B84-AB1E-6C691E70FEA2}.Release|x86.Build.0 = Release|Any CPU
		{D63D3F24-D3C5-44B0-9E54-493E58972123}.Debug|Any CPU.ActiveCfg = Debug|Any CPU
		{D63D3F24-D3C5-44B0-9E54-493E58972123}.Debug|Any CPU.Build.0 = Debug|Any CPU
		{D63D3F24-D3C5-44B0-9E54-493E58972123}.Debug|x64.ActiveCfg = Debug|Any CPU
		{D63D3F24-D3C5-44B0-9E54-493E58972123}.Debug|x64.Build.0 = Debug|Any CPU
		{D63D3F24-D3C5-44B0-9E54-493E58972123}.Debug|x86.ActiveCfg = Debug|Any CPU
		{D63D3F24-D3C5-44B0-9E54-493E58972123}.Debug|x86.Build.0 = Debug|Any CPU
		{D63D3F24-D3C5-44B0-9E54-493E58972123}.Release|Any CPU.ActiveCfg = Release|Any CPU
		{D63D3F24-D3C5-44B0-9E54-493E58972123}.Release|Any CPU.Build.0 = Release|Any CPU
		{D63D3F24-D3C5-44B0-9E54-493E58972123}.Release|x64.ActiveCfg = Release|Any CPU
		{D63D3F24-D3C5-44B0-9E54-493E58972123}.Release|x64.Build.0 = Release|Any CPU
		{D63D3F24-D3C5-44B0-9E54-493E58972123}.Release|x86.ActiveCfg = Release|Any CPU
		{D63D3F24-D3C5-44B0-9E54-493E58972123}.Release|x86.Build.0 = Release|Any CPU
		{8043180A-7FDD-4245-943F-CE3E8DBAEB00}.Debug|Any CPU.ActiveCfg = Debug|Any CPU
		{8043180A-7FDD-4245-943F-CE3E8DBAEB00}.Debug|Any CPU.Build.0 = Debug|Any CPU
		{8043180A-7FDD-4245-943F-CE3E8DBAEB00}.Debug|x64.ActiveCfg = Debug|Any CPU
		{8043180A-7FDD-4245-943F-CE3E8DBAEB00}.Debug|x64.Build.0 = Debug|Any CPU
		{8043180A-7FDD-4245-943F-CE3E8DBAEB00}.Debug|x86.ActiveCfg = Debug|Any CPU
		{8043180A-7FDD-4245-943F-CE3E8DBAEB00}.Debug|x86.Build.0 = Debug|Any CPU
		{8043180A-7FDD-4245-943F-CE3E8DBAEB00}.Release|Any CPU.ActiveCfg = Release|Any CPU
		{8043180A-7FDD-4245-943F-CE3E8DBAEB00}.Release|Any CPU.Build.0 = Release|Any CPU
		{8043180A-7FDD-4245-943F-CE3E8DBAEB00}.Release|x64.ActiveCfg = Release|Any CPU
		{8043180A-7FDD-4245-943F-CE3E8DBAEB00}.Release|x64.Build.0 = Release|Any CPU
		{8043180A-7FDD-4245-943F-CE3E8DBAEB00}.Release|x86.ActiveCfg = Release|Any CPU
		{8043180A-7FDD-4245-943F-CE3E8DBAEB00}.Release|x86.Build.0 = Release|Any CPU
		{4ECC970C-9BDD-4938-B70D-5344CBF45A41}.Debug|Any CPU.ActiveCfg = Debug|Any CPU
		{4ECC970C-9BDD-4938-B70D-5344CBF45A41}.Debug|Any CPU.Build.0 = Debug|Any CPU
		{4ECC970C-9BDD-4938-B70D-5344CBF45A41}.Debug|x64.ActiveCfg = Debug|Any CPU
		{4ECC970C-9BDD-4938-B70D-5344CBF45A41}.Debug|x64.Build.0 = Debug|Any CPU
		{4ECC970C-9BDD-4938-B70D-5344CBF45A41}.Debug|x86.ActiveCfg = Debug|Any CPU
		{4ECC970C-9BDD-4938-B70D-5344CBF45A41}.Debug|x86.Build.0 = Debug|Any CPU
		{4ECC970C-9BDD-4938-B70D-5344CBF45A41}.Release|Any CPU.ActiveCfg = Release|Any CPU
		{4ECC970C-9BDD-4938-B70D-5344CBF45A41}.Release|Any CPU.Build.0 = Release|Any CPU
		{4ECC970C-9BDD-4938-B70D-5344CBF45A41}.Release|x64.ActiveCfg = Release|Any CPU
		{4ECC970C-9BDD-4938-B70D-5344CBF45A41}.Release|x64.Build.0 = Release|Any CPU
		{4ECC970C-9BDD-4938-B70D-5344CBF45A41}.Release|x86.ActiveCfg = Release|Any CPU
		{4ECC970C-9BDD-4938-B70D-5344CBF45A41}.Release|x86.Build.0 = Release|Any CPU
		{E45C03CF-E51B-4BDC-91C9-48C6D254CF2B}.Debug|Any CPU.ActiveCfg = Debug|Any CPU
		{E45C03CF-E51B-4BDC-91C9-48C6D254CF2B}.Debug|Any CPU.Build.0 = Debug|Any CPU
		{E45C03CF-E51B-4BDC-91C9-48C6D254CF2B}.Debug|x64.ActiveCfg = Debug|Any CPU
		{E45C03CF-E51B-4BDC-91C9-48C6D254CF2B}.Debug|x64.Build.0 = Debug|Any CPU
		{E45C03CF-E51B-4BDC-91C9-48C6D254CF2B}.Debug|x86.ActiveCfg = Debug|Any CPU
		{E45C03CF-E51B-4BDC-91C9-48C6D254CF2B}.Debug|x86.Build.0 = Debug|Any CPU
		{E45C03CF-E51B-4BDC-91C9-48C6D254CF2B}.Release|Any CPU.ActiveCfg = Release|Any CPU
		{E45C03CF-E51B-4BDC-91C9-48C6D254CF2B}.Release|Any CPU.Build.0 = Release|Any CPU
		{E45C03CF-E51B-4BDC-91C9-48C6D254CF2B}.Release|x64.ActiveCfg = Release|Any CPU
		{E45C03CF-E51B-4BDC-91C9-48C6D254CF2B}.Release|x64.Build.0 = Release|Any CPU
		{E45C03CF-E51B-4BDC-91C9-48C6D254CF2B}.Release|x86.ActiveCfg = Release|Any CPU
		{E45C03CF-E51B-4BDC-91C9-48C6D254CF2B}.Release|x86.Build.0 = Release|Any CPU
		{54101B92-F87D-4B23-8924-9E55ACCD5B0F}.Debug|Any CPU.ActiveCfg = Debug|Any CPU
		{54101B92-F87D-4B23-8924-9E55ACCD5B0F}.Debug|Any CPU.Build.0 = Debug|Any CPU
		{54101B92-F87D-4B23-8924-9E55ACCD5B0F}.Debug|x64.ActiveCfg = Debug|Any CPU
		{54101B92-F87D-4B23-8924-9E55ACCD5B0F}.Debug|x64.Build.0 = Debug|Any CPU
		{54101B92-F87D-4B23-8924-9E55ACCD5B0F}.Debug|x86.ActiveCfg = Debug|Any CPU
		{54101B92-F87D-4B23-8924-9E55ACCD5B0F}.Debug|x86.Build.0 = Debug|Any CPU
		{54101B92-F87D-4B23-8924-9E55ACCD5B0F}.Release|Any CPU.ActiveCfg = Release|Any CPU
		{54101B92-F87D-4B23-8924-9E55ACCD5B0F}.Release|Any CPU.Build.0 = Release|Any CPU
		{54101B92-F87D-4B23-8924-9E55ACCD5B0F}.Release|x64.ActiveCfg = Release|Any CPU
		{54101B92-F87D-4B23-8924-9E55ACCD5B0F}.Release|x64.Build.0 = Release|Any CPU
		{54101B92-F87D-4B23-8924-9E55ACCD5B0F}.Release|x86.ActiveCfg = Release|Any CPU
		{54101B92-F87D-4B23-8924-9E55ACCD5B0F}.Release|x86.Build.0 = Release|Any CPU
		{A6E927A7-5CA6-43AB-987E-CA31A545AECC}.Debug|Any CPU.ActiveCfg = Debug|Any CPU
		{A6E927A7-5CA6-43AB-987E-CA31A545AECC}.Debug|Any CPU.Build.0 = Debug|Any CPU
		{A6E927A7-5CA6-43AB-987E-CA31A545AECC}.Debug|x64.ActiveCfg = Debug|Any CPU
		{A6E927A7-5CA6-43AB-987E-CA31A545AECC}.Debug|x64.Build.0 = Debug|Any CPU
		{A6E927A7-5CA6-43AB-987E-CA31A545AECC}.Debug|x86.ActiveCfg = Debug|Any CPU
		{A6E927A7-5CA6-43AB-987E-CA31A545AECC}.Debug|x86.Build.0 = Debug|Any CPU
		{A6E927A7-5CA6-43AB-987E-CA31A545AECC}.Release|Any CPU.ActiveCfg = Release|Any CPU
		{A6E927A7-5CA6-43AB-987E-CA31A545AECC}.Release|Any CPU.Build.0 = Release|Any CPU
		{A6E927A7-5CA6-43AB-987E-CA31A545AECC}.Release|x64.ActiveCfg = Release|Any CPU
		{A6E927A7-5CA6-43AB-987E-CA31A545AECC}.Release|x64.Build.0 = Release|Any CPU
		{A6E927A7-5CA6-43AB-987E-CA31A545AECC}.Release|x86.ActiveCfg = Release|Any CPU
		{A6E927A7-5CA6-43AB-987E-CA31A545AECC}.Release|x86.Build.0 = Release|Any CPU
		{79F07959-0905-453D-8474-BEE4CBEF3D82}.Debug|Any CPU.ActiveCfg = Debug|Any CPU
		{79F07959-0905-453D-8474-BEE4CBEF3D82}.Debug|Any CPU.Build.0 = Debug|Any CPU
		{79F07959-0905-453D-8474-BEE4CBEF3D82}.Debug|x64.ActiveCfg = Debug|Any CPU
		{79F07959-0905-453D-8474-BEE4CBEF3D82}.Debug|x64.Build.0 = Debug|Any CPU
		{79F07959-0905-453D-8474-BEE4CBEF3D82}.Debug|x86.ActiveCfg = Debug|Any CPU
		{79F07959-0905-453D-8474-BEE4CBEF3D82}.Debug|x86.Build.0 = Debug|Any CPU
		{79F07959-0905-453D-8474-BEE4CBEF3D82}.Release|Any CPU.ActiveCfg = Release|Any CPU
		{79F07959-0905-453D-8474-BEE4CBEF3D82}.Release|Any CPU.Build.0 = Release|Any CPU
		{79F07959-0905-453D-8474-BEE4CBEF3D82}.Release|x64.ActiveCfg = Release|Any CPU
		{79F07959-0905-453D-8474-BEE4CBEF3D82}.Release|x64.Build.0 = Release|Any CPU
		{79F07959-0905-453D-8474-BEE4CBEF3D82}.Release|x86.ActiveCfg = Release|Any CPU
		{79F07959-0905-453D-8474-BEE4CBEF3D82}.Release|x86.Build.0 = Release|Any CPU
		{1552CF3D-890F-4E2D-AA55-1787CEE77253}.Debug|Any CPU.ActiveCfg = Debug|Any CPU
		{1552CF3D-890F-4E2D-AA55-1787CEE77253}.Debug|Any CPU.Build.0 = Debug|Any CPU
		{1552CF3D-890F-4E2D-AA55-1787CEE77253}.Debug|x64.ActiveCfg = Debug|Any CPU
		{1552CF3D-890F-4E2D-AA55-1787CEE77253}.Debug|x64.Build.0 = Debug|Any CPU
		{1552CF3D-890F-4E2D-AA55-1787CEE77253}.Debug|x86.ActiveCfg = Debug|Any CPU
		{1552CF3D-890F-4E2D-AA55-1787CEE77253}.Debug|x86.Build.0 = Debug|Any CPU
		{1552CF3D-890F-4E2D-AA55-1787CEE77253}.Release|Any CPU.ActiveCfg = Release|Any CPU
		{1552CF3D-890F-4E2D-AA55-1787CEE77253}.Release|Any CPU.Build.0 = Release|Any CPU
		{1552CF3D-890F-4E2D-AA55-1787CEE77253}.Release|x64.ActiveCfg = Release|Any CPU
		{1552CF3D-890F-4E2D-AA55-1787CEE77253}.Release|x64.Build.0 = Release|Any CPU
		{1552CF3D-890F-4E2D-AA55-1787CEE77253}.Release|x86.ActiveCfg = Release|Any CPU
		{1552CF3D-890F-4E2D-AA55-1787CEE77253}.Release|x86.Build.0 = Release|Any CPU
		{F5DCB7B3-AD8A-4AB1-98FD-309680899CA1}.Debug|Any CPU.ActiveCfg = Debug|Any CPU
		{F5DCB7B3-AD8A-4AB1-98FD-309680899CA1}.Debug|Any CPU.Build.0 = Debug|Any CPU
		{F5DCB7B3-AD8A-4AB1-98FD-309680899CA1}.Debug|x64.ActiveCfg = Debug|Any CPU
		{F5DCB7B3-AD8A-4AB1-98FD-309680899CA1}.Debug|x64.Build.0 = Debug|Any CPU
		{F5DCB7B3-AD8A-4AB1-98FD-309680899CA1}.Debug|x86.ActiveCfg = Debug|Any CPU
		{F5DCB7B3-AD8A-4AB1-98FD-309680899CA1}.Debug|x86.Build.0 = Debug|Any CPU
		{F5DCB7B3-AD8A-4AB1-98FD-309680899CA1}.Release|Any CPU.ActiveCfg = Release|Any CPU
		{F5DCB7B3-AD8A-4AB1-98FD-309680899CA1}.Release|Any CPU.Build.0 = Release|Any CPU
		{F5DCB7B3-AD8A-4AB1-98FD-309680899CA1}.Release|x64.ActiveCfg = Release|Any CPU
		{F5DCB7B3-AD8A-4AB1-98FD-309680899CA1}.Release|x64.Build.0 = Release|Any CPU
		{F5DCB7B3-AD8A-4AB1-98FD-309680899CA1}.Release|x86.ActiveCfg = Release|Any CPU
		{F5DCB7B3-AD8A-4AB1-98FD-309680899CA1}.Release|x86.Build.0 = Release|Any CPU
		{6D53FDE7-D0B5-4EB9-A9E6-CD0F438A0BAD}.Debug|Any CPU.ActiveCfg = Debug|Any CPU
		{6D53FDE7-D0B5-4EB9-A9E6-CD0F438A0BAD}.Debug|Any CPU.Build.0 = Debug|Any CPU
		{6D53FDE7-D0B5-4EB9-A9E6-CD0F438A0BAD}.Debug|x64.ActiveCfg = Debug|Any CPU
		{6D53FDE7-D0B5-4EB9-A9E6-CD0F438A0BAD}.Debug|x64.Build.0 = Debug|Any CPU
		{6D53FDE7-D0B5-4EB9-A9E6-CD0F438A0BAD}.Debug|x86.ActiveCfg = Debug|Any CPU
		{6D53FDE7-D0B5-4EB9-A9E6-CD0F438A0BAD}.Debug|x86.Build.0 = Debug|Any CPU
		{6D53FDE7-D0B5-4EB9-A9E6-CD0F438A0BAD}.Release|Any CPU.ActiveCfg = Release|Any CPU
		{6D53FDE7-D0B5-4EB9-A9E6-CD0F438A0BAD}.Release|Any CPU.Build.0 = Release|Any CPU
		{6D53FDE7-D0B5-4EB9-A9E6-CD0F438A0BAD}.Release|x64.ActiveCfg = Release|Any CPU
		{6D53FDE7-D0B5-4EB9-A9E6-CD0F438A0BAD}.Release|x64.Build.0 = Release|Any CPU
		{6D53FDE7-D0B5-4EB9-A9E6-CD0F438A0BAD}.Release|x86.ActiveCfg = Release|Any CPU
		{6D53FDE7-D0B5-4EB9-A9E6-CD0F438A0BAD}.Release|x86.Build.0 = Release|Any CPU
		{FB8B048C-BA63-425B-B761-471F3699BBB6}.Debug|Any CPU.ActiveCfg = Debug|Any CPU
		{FB8B048C-BA63-425B-B761-471F3699BBB6}.Debug|Any CPU.Build.0 = Debug|Any CPU
		{FB8B048C-BA63-425B-B761-471F3699BBB6}.Debug|x64.ActiveCfg = Debug|Any CPU
		{FB8B048C-BA63-425B-B761-471F3699BBB6}.Debug|x64.Build.0 = Debug|Any CPU
		{FB8B048C-BA63-425B-B761-471F3699BBB6}.Debug|x86.ActiveCfg = Debug|Any CPU
		{FB8B048C-BA63-425B-B761-471F3699BBB6}.Debug|x86.Build.0 = Debug|Any CPU
		{FB8B048C-BA63-425B-B761-471F3699BBB6}.Release|Any CPU.ActiveCfg = Release|Any CPU
		{FB8B048C-BA63-425B-B761-471F3699BBB6}.Release|Any CPU.Build.0 = Release|Any CPU
		{FB8B048C-BA63-425B-B761-471F3699BBB6}.Release|x64.ActiveCfg = Release|Any CPU
		{FB8B048C-BA63-425B-B761-471F3699BBB6}.Release|x64.Build.0 = Release|Any CPU
		{FB8B048C-BA63-425B-B761-471F3699BBB6}.Release|x86.ActiveCfg = Release|Any CPU
		{FB8B048C-BA63-425B-B761-471F3699BBB6}.Release|x86.Build.0 = Release|Any CPU
		{A7A1B6BA-4508-4A61-B904-2AE6D04E1F99}.Debug|Any CPU.ActiveCfg = Debug|Any CPU
		{A7A1B6BA-4508-4A61-B904-2AE6D04E1F99}.Debug|Any CPU.Build.0 = Debug|Any CPU
		{A7A1B6BA-4508-4A61-B904-2AE6D04E1F99}.Debug|x64.ActiveCfg = Debug|Any CPU
		{A7A1B6BA-4508-4A61-B904-2AE6D04E1F99}.Debug|x64.Build.0 = Debug|Any CPU
		{A7A1B6BA-4508-4A61-B904-2AE6D04E1F99}.Debug|x86.ActiveCfg = Debug|Any CPU
		{A7A1B6BA-4508-4A61-B904-2AE6D04E1F99}.Debug|x86.Build.0 = Debug|Any CPU
		{A7A1B6BA-4508-4A61-B904-2AE6D04E1F99}.Release|Any CPU.ActiveCfg = Release|Any CPU
		{A7A1B6BA-4508-4A61-B904-2AE6D04E1F99}.Release|Any CPU.Build.0 = Release|Any CPU
		{A7A1B6BA-4508-4A61-B904-2AE6D04E1F99}.Release|x64.ActiveCfg = Release|Any CPU
		{A7A1B6BA-4508-4A61-B904-2AE6D04E1F99}.Release|x64.Build.0 = Release|Any CPU
		{A7A1B6BA-4508-4A61-B904-2AE6D04E1F99}.Release|x86.ActiveCfg = Release|Any CPU
		{A7A1B6BA-4508-4A61-B904-2AE6D04E1F99}.Release|x86.Build.0 = Release|Any CPU
		{EF6D410C-3BFE-4032-9114-2C84A14E3514}.Debug|Any CPU.ActiveCfg = Debug|Any CPU
		{EF6D410C-3BFE-4032-9114-2C84A14E3514}.Debug|Any CPU.Build.0 = Debug|Any CPU
		{EF6D410C-3BFE-4032-9114-2C84A14E3514}.Debug|x64.ActiveCfg = Debug|Any CPU
		{EF6D410C-3BFE-4032-9114-2C84A14E3514}.Debug|x64.Build.0 = Debug|Any CPU
		{EF6D410C-3BFE-4032-9114-2C84A14E3514}.Debug|x86.ActiveCfg = Debug|Any CPU
		{EF6D410C-3BFE-4032-9114-2C84A14E3514}.Debug|x86.Build.0 = Debug|Any CPU
		{EF6D410C-3BFE-4032-9114-2C84A14E3514}.Release|Any CPU.ActiveCfg = Release|Any CPU
		{EF6D410C-3BFE-4032-9114-2C84A14E3514}.Release|Any CPU.Build.0 = Release|Any CPU
		{EF6D410C-3BFE-4032-9114-2C84A14E3514}.Release|x64.ActiveCfg = Release|Any CPU
		{EF6D410C-3BFE-4032-9114-2C84A14E3514}.Release|x64.Build.0 = Release|Any CPU
		{EF6D410C-3BFE-4032-9114-2C84A14E3514}.Release|x86.ActiveCfg = Release|Any CPU
		{EF6D410C-3BFE-4032-9114-2C84A14E3514}.Release|x86.Build.0 = Release|Any CPU
		{58695B93-C2E8-4F1A-A4BD-2310F6FD1EF4}.Debug|Any CPU.ActiveCfg = Debug|Any CPU
		{58695B93-C2E8-4F1A-A4BD-2310F6FD1EF4}.Debug|Any CPU.Build.0 = Debug|Any CPU
		{58695B93-C2E8-4F1A-A4BD-2310F6FD1EF4}.Debug|x64.ActiveCfg = Debug|Any CPU
		{58695B93-C2E8-4F1A-A4BD-2310F6FD1EF4}.Debug|x64.Build.0 = Debug|Any CPU
		{58695B93-C2E8-4F1A-A4BD-2310F6FD1EF4}.Debug|x86.ActiveCfg = Debug|Any CPU
		{58695B93-C2E8-4F1A-A4BD-2310F6FD1EF4}.Debug|x86.Build.0 = Debug|Any CPU
		{58695B93-C2E8-4F1A-A4BD-2310F6FD1EF4}.Release|Any CPU.ActiveCfg = Release|Any CPU
		{58695B93-C2E8-4F1A-A4BD-2310F6FD1EF4}.Release|Any CPU.Build.0 = Release|Any CPU
		{58695B93-C2E8-4F1A-A4BD-2310F6FD1EF4}.Release|x64.ActiveCfg = Release|Any CPU
		{58695B93-C2E8-4F1A-A4BD-2310F6FD1EF4}.Release|x64.Build.0 = Release|Any CPU
		{58695B93-C2E8-4F1A-A4BD-2310F6FD1EF4}.Release|x86.ActiveCfg = Release|Any CPU
		{58695B93-C2E8-4F1A-A4BD-2310F6FD1EF4}.Release|x86.Build.0 = Release|Any CPU
		{37B1ABB3-E102-460C-8027-4E202B4EEE74}.Debug|Any CPU.ActiveCfg = Debug|Any CPU
		{37B1ABB3-E102-460C-8027-4E202B4EEE74}.Debug|Any CPU.Build.0 = Debug|Any CPU
		{37B1ABB3-E102-460C-8027-4E202B4EEE74}.Debug|x64.ActiveCfg = Debug|Any CPU
		{37B1ABB3-E102-460C-8027-4E202B4EEE74}.Debug|x64.Build.0 = Debug|Any CPU
		{37B1ABB3-E102-460C-8027-4E202B4EEE74}.Debug|x86.ActiveCfg = Debug|Any CPU
		{37B1ABB3-E102-460C-8027-4E202B4EEE74}.Debug|x86.Build.0 = Debug|Any CPU
		{37B1ABB3-E102-460C-8027-4E202B4EEE74}.Release|Any CPU.ActiveCfg = Release|Any CPU
		{37B1ABB3-E102-460C-8027-4E202B4EEE74}.Release|Any CPU.Build.0 = Release|Any CPU
		{37B1ABB3-E102-460C-8027-4E202B4EEE74}.Release|x64.ActiveCfg = Release|Any CPU
		{37B1ABB3-E102-460C-8027-4E202B4EEE74}.Release|x64.Build.0 = Release|Any CPU
		{37B1ABB3-E102-460C-8027-4E202B4EEE74}.Release|x86.ActiveCfg = Release|Any CPU
		{37B1ABB3-E102-460C-8027-4E202B4EEE74}.Release|x86.Build.0 = Release|Any CPU
		{1DA51E5A-9390-4931-87E5-9E1D3DE1A45B}.Debug|Any CPU.ActiveCfg = Debug|Any CPU
		{1DA51E5A-9390-4931-87E5-9E1D3DE1A45B}.Debug|Any CPU.Build.0 = Debug|Any CPU
		{1DA51E5A-9390-4931-87E5-9E1D3DE1A45B}.Debug|x64.ActiveCfg = Debug|Any CPU
		{1DA51E5A-9390-4931-87E5-9E1D3DE1A45B}.Debug|x64.Build.0 = Debug|Any CPU
		{1DA51E5A-9390-4931-87E5-9E1D3DE1A45B}.Debug|x86.ActiveCfg = Debug|Any CPU
		{1DA51E5A-9390-4931-87E5-9E1D3DE1A45B}.Debug|x86.Build.0 = Debug|Any CPU
		{1DA51E5A-9390-4931-87E5-9E1D3DE1A45B}.Release|Any CPU.ActiveCfg = Release|Any CPU
		{1DA51E5A-9390-4931-87E5-9E1D3DE1A45B}.Release|Any CPU.Build.0 = Release|Any CPU
		{1DA51E5A-9390-4931-87E5-9E1D3DE1A45B}.Release|x64.ActiveCfg = Release|Any CPU
		{1DA51E5A-9390-4931-87E5-9E1D3DE1A45B}.Release|x64.Build.0 = Release|Any CPU
		{1DA51E5A-9390-4931-87E5-9E1D3DE1A45B}.Release|x86.ActiveCfg = Release|Any CPU
		{1DA51E5A-9390-4931-87E5-9E1D3DE1A45B}.Release|x86.Build.0 = Release|Any CPU
		{34BDF38F-DF3B-479E-B11F-CEB1662CBE61}.Debug|Any CPU.ActiveCfg = Debug|Any CPU
		{34BDF38F-DF3B-479E-B11F-CEB1662CBE61}.Debug|Any CPU.Build.0 = Debug|Any CPU
		{34BDF38F-DF3B-479E-B11F-CEB1662CBE61}.Debug|x64.ActiveCfg = Debug|Any CPU
		{34BDF38F-DF3B-479E-B11F-CEB1662CBE61}.Debug|x64.Build.0 = Debug|Any CPU
		{34BDF38F-DF3B-479E-B11F-CEB1662CBE61}.Debug|x86.ActiveCfg = Debug|Any CPU
		{34BDF38F-DF3B-479E-B11F-CEB1662CBE61}.Debug|x86.Build.0 = Debug|Any CPU
		{34BDF38F-DF3B-479E-B11F-CEB1662CBE61}.Release|Any CPU.ActiveCfg = Release|Any CPU
		{34BDF38F-DF3B-479E-B11F-CEB1662CBE61}.Release|Any CPU.Build.0 = Release|Any CPU
		{34BDF38F-DF3B-479E-B11F-CEB1662CBE61}.Release|x64.ActiveCfg = Release|Any CPU
		{34BDF38F-DF3B-479E-B11F-CEB1662CBE61}.Release|x64.Build.0 = Release|Any CPU
		{34BDF38F-DF3B-479E-B11F-CEB1662CBE61}.Release|x86.ActiveCfg = Release|Any CPU
		{34BDF38F-DF3B-479E-B11F-CEB1662CBE61}.Release|x86.Build.0 = Release|Any CPU
		{8A9C5A9B-DD8E-444A-BBC9-CEB463793C53}.Debug|Any CPU.ActiveCfg = Debug|Any CPU
		{8A9C5A9B-DD8E-444A-BBC9-CEB463793C53}.Debug|Any CPU.Build.0 = Debug|Any CPU
		{8A9C5A9B-DD8E-444A-BBC9-CEB463793C53}.Debug|x64.ActiveCfg = Debug|Any CPU
		{8A9C5A9B-DD8E-444A-BBC9-CEB463793C53}.Debug|x64.Build.0 = Debug|Any CPU
		{8A9C5A9B-DD8E-444A-BBC9-CEB463793C53}.Debug|x86.ActiveCfg = Debug|Any CPU
		{8A9C5A9B-DD8E-444A-BBC9-CEB463793C53}.Debug|x86.Build.0 = Debug|Any CPU
		{8A9C5A9B-DD8E-444A-BBC9-CEB463793C53}.Release|Any CPU.ActiveCfg = Release|Any CPU
		{8A9C5A9B-DD8E-444A-BBC9-CEB463793C53}.Release|Any CPU.Build.0 = Release|Any CPU
		{8A9C5A9B-DD8E-444A-BBC9-CEB463793C53}.Release|x64.ActiveCfg = Release|Any CPU
		{8A9C5A9B-DD8E-444A-BBC9-CEB463793C53}.Release|x64.Build.0 = Release|Any CPU
		{8A9C5A9B-DD8E-444A-BBC9-CEB463793C53}.Release|x86.ActiveCfg = Release|Any CPU
		{8A9C5A9B-DD8E-444A-BBC9-CEB463793C53}.Release|x86.Build.0 = Release|Any CPU
		{C24329FE-4265-4E25-9879-202E50D7F059}.Debug|Any CPU.ActiveCfg = Debug|Any CPU
		{C24329FE-4265-4E25-9879-202E50D7F059}.Debug|Any CPU.Build.0 = Debug|Any CPU
		{C24329FE-4265-4E25-9879-202E50D7F059}.Debug|x64.ActiveCfg = Debug|Any CPU
		{C24329FE-4265-4E25-9879-202E50D7F059}.Debug|x64.Build.0 = Debug|Any CPU
		{C24329FE-4265-4E25-9879-202E50D7F059}.Debug|x86.ActiveCfg = Debug|Any CPU
		{C24329FE-4265-4E25-9879-202E50D7F059}.Debug|x86.Build.0 = Debug|Any CPU
		{C24329FE-4265-4E25-9879-202E50D7F059}.Release|Any CPU.ActiveCfg = Release|Any CPU
		{C24329FE-4265-4E25-9879-202E50D7F059}.Release|Any CPU.Build.0 = Release|Any CPU
		{C24329FE-4265-4E25-9879-202E50D7F059}.Release|x64.ActiveCfg = Release|Any CPU
		{C24329FE-4265-4E25-9879-202E50D7F059}.Release|x64.Build.0 = Release|Any CPU
		{C24329FE-4265-4E25-9879-202E50D7F059}.Release|x86.ActiveCfg = Release|Any CPU
		{C24329FE-4265-4E25-9879-202E50D7F059}.Release|x86.Build.0 = Release|Any CPU
		{F7EE7223-00D3-4F9F-87A4-EA651D6959DA}.Debug|Any CPU.ActiveCfg = Debug|Any CPU
		{F7EE7223-00D3-4F9F-87A4-EA651D6959DA}.Debug|Any CPU.Build.0 = Debug|Any CPU
		{F7EE7223-00D3-4F9F-87A4-EA651D6959DA}.Debug|x64.ActiveCfg = Debug|Any CPU
		{F7EE7223-00D3-4F9F-87A4-EA651D6959DA}.Debug|x64.Build.0 = Debug|Any CPU
		{F7EE7223-00D3-4F9F-87A4-EA651D6959DA}.Debug|x86.ActiveCfg = Debug|Any CPU
		{F7EE7223-00D3-4F9F-87A4-EA651D6959DA}.Debug|x86.Build.0 = Debug|Any CPU
		{F7EE7223-00D3-4F9F-87A4-EA651D6959DA}.Release|Any CPU.ActiveCfg = Release|Any CPU
		{F7EE7223-00D3-4F9F-87A4-EA651D6959DA}.Release|Any CPU.Build.0 = Release|Any CPU
		{F7EE7223-00D3-4F9F-87A4-EA651D6959DA}.Release|x64.ActiveCfg = Release|Any CPU
		{F7EE7223-00D3-4F9F-87A4-EA651D6959DA}.Release|x64.Build.0 = Release|Any CPU
		{F7EE7223-00D3-4F9F-87A4-EA651D6959DA}.Release|x86.ActiveCfg = Release|Any CPU
		{F7EE7223-00D3-4F9F-87A4-EA651D6959DA}.Release|x86.Build.0 = Release|Any CPU
		{C2D20B4B-19A1-49CD-A134-B700D4EF165F}.Debug|Any CPU.ActiveCfg = Debug|Any CPU
		{C2D20B4B-19A1-49CD-A134-B700D4EF165F}.Debug|Any CPU.Build.0 = Debug|Any CPU
		{C2D20B4B-19A1-49CD-A134-B700D4EF165F}.Debug|x64.ActiveCfg = Debug|Any CPU
		{C2D20B4B-19A1-49CD-A134-B700D4EF165F}.Debug|x64.Build.0 = Debug|Any CPU
		{C2D20B4B-19A1-49CD-A134-B700D4EF165F}.Debug|x86.ActiveCfg = Debug|Any CPU
		{C2D20B4B-19A1-49CD-A134-B700D4EF165F}.Debug|x86.Build.0 = Debug|Any CPU
		{C2D20B4B-19A1-49CD-A134-B700D4EF165F}.Release|Any CPU.ActiveCfg = Release|Any CPU
		{C2D20B4B-19A1-49CD-A134-B700D4EF165F}.Release|Any CPU.Build.0 = Release|Any CPU
		{C2D20B4B-19A1-49CD-A134-B700D4EF165F}.Release|x64.ActiveCfg = Release|Any CPU
		{C2D20B4B-19A1-49CD-A134-B700D4EF165F}.Release|x64.Build.0 = Release|Any CPU
		{C2D20B4B-19A1-49CD-A134-B700D4EF165F}.Release|x86.ActiveCfg = Release|Any CPU
		{C2D20B4B-19A1-49CD-A134-B700D4EF165F}.Release|x86.Build.0 = Release|Any CPU
		{45201E7E-AB7A-43AE-8591-3AD0A8738576}.Debug|Any CPU.ActiveCfg = Debug|Any CPU
		{45201E7E-AB7A-43AE-8591-3AD0A8738576}.Debug|Any CPU.Build.0 = Debug|Any CPU
		{45201E7E-AB7A-43AE-8591-3AD0A8738576}.Debug|x64.ActiveCfg = Debug|Any CPU
		{45201E7E-AB7A-43AE-8591-3AD0A8738576}.Debug|x64.Build.0 = Debug|Any CPU
		{45201E7E-AB7A-43AE-8591-3AD0A8738576}.Debug|x86.ActiveCfg = Debug|Any CPU
		{45201E7E-AB7A-43AE-8591-3AD0A8738576}.Debug|x86.Build.0 = Debug|Any CPU
		{45201E7E-AB7A-43AE-8591-3AD0A8738576}.Release|Any CPU.ActiveCfg = Release|Any CPU
		{45201E7E-AB7A-43AE-8591-3AD0A8738576}.Release|Any CPU.Build.0 = Release|Any CPU
		{45201E7E-AB7A-43AE-8591-3AD0A8738576}.Release|x64.ActiveCfg = Release|Any CPU
		{45201E7E-AB7A-43AE-8591-3AD0A8738576}.Release|x64.Build.0 = Release|Any CPU
		{45201E7E-AB7A-43AE-8591-3AD0A8738576}.Release|x86.ActiveCfg = Release|Any CPU
		{45201E7E-AB7A-43AE-8591-3AD0A8738576}.Release|x86.Build.0 = Release|Any CPU
		{E90B58A0-BA33-42B2-9AEC-2E0228DA152B}.Debug|Any CPU.ActiveCfg = Debug|Any CPU
		{E90B58A0-BA33-42B2-9AEC-2E0228DA152B}.Debug|Any CPU.Build.0 = Debug|Any CPU
		{E90B58A0-BA33-42B2-9AEC-2E0228DA152B}.Debug|x64.ActiveCfg = Debug|Any CPU
		{E90B58A0-BA33-42B2-9AEC-2E0228DA152B}.Debug|x64.Build.0 = Debug|Any CPU
		{E90B58A0-BA33-42B2-9AEC-2E0228DA152B}.Debug|x86.ActiveCfg = Debug|Any CPU
		{E90B58A0-BA33-42B2-9AEC-2E0228DA152B}.Debug|x86.Build.0 = Debug|Any CPU
		{E90B58A0-BA33-42B2-9AEC-2E0228DA152B}.Release|Any CPU.ActiveCfg = Release|Any CPU
		{E90B58A0-BA33-42B2-9AEC-2E0228DA152B}.Release|Any CPU.Build.0 = Release|Any CPU
		{E90B58A0-BA33-42B2-9AEC-2E0228DA152B}.Release|x64.ActiveCfg = Release|Any CPU
		{E90B58A0-BA33-42B2-9AEC-2E0228DA152B}.Release|x64.Build.0 = Release|Any CPU
		{E90B58A0-BA33-42B2-9AEC-2E0228DA152B}.Release|x86.ActiveCfg = Release|Any CPU
		{E90B58A0-BA33-42B2-9AEC-2E0228DA152B}.Release|x86.Build.0 = Release|Any CPU
		{1D9E0DD8-BD19-4469-A95E-C429BC1FB83B}.Debug|Any CPU.ActiveCfg = Debug|Any CPU
		{1D9E0DD8-BD19-4469-A95E-C429BC1FB83B}.Debug|Any CPU.Build.0 = Debug|Any CPU
		{1D9E0DD8-BD19-4469-A95E-C429BC1FB83B}.Debug|x64.ActiveCfg = Debug|Any CPU
		{1D9E0DD8-BD19-4469-A95E-C429BC1FB83B}.Debug|x64.Build.0 = Debug|Any CPU
		{1D9E0DD8-BD19-4469-A95E-C429BC1FB83B}.Debug|x86.ActiveCfg = Debug|Any CPU
		{1D9E0DD8-BD19-4469-A95E-C429BC1FB83B}.Debug|x86.Build.0 = Debug|Any CPU
		{1D9E0DD8-BD19-4469-A95E-C429BC1FB83B}.Release|Any CPU.ActiveCfg = Release|Any CPU
		{1D9E0DD8-BD19-4469-A95E-C429BC1FB83B}.Release|Any CPU.Build.0 = Release|Any CPU
		{1D9E0DD8-BD19-4469-A95E-C429BC1FB83B}.Release|x64.ActiveCfg = Release|Any CPU
		{1D9E0DD8-BD19-4469-A95E-C429BC1FB83B}.Release|x64.Build.0 = Release|Any CPU
		{1D9E0DD8-BD19-4469-A95E-C429BC1FB83B}.Release|x86.ActiveCfg = Release|Any CPU
		{1D9E0DD8-BD19-4469-A95E-C429BC1FB83B}.Release|x86.Build.0 = Release|Any CPU
		{80147CE6-9905-4679-BFCE-7604BCDC4786}.Debug|Any CPU.ActiveCfg = Debug|Any CPU
		{80147CE6-9905-4679-BFCE-7604BCDC4786}.Debug|Any CPU.Build.0 = Debug|Any CPU
		{80147CE6-9905-4679-BFCE-7604BCDC4786}.Debug|x64.ActiveCfg = Debug|Any CPU
		{80147CE6-9905-4679-BFCE-7604BCDC4786}.Debug|x64.Build.0 = Debug|Any CPU
		{80147CE6-9905-4679-BFCE-7604BCDC4786}.Debug|x86.ActiveCfg = Debug|Any CPU
		{80147CE6-9905-4679-BFCE-7604BCDC4786}.Debug|x86.Build.0 = Debug|Any CPU
		{80147CE6-9905-4679-BFCE-7604BCDC4786}.Release|Any CPU.ActiveCfg = Release|Any CPU
		{80147CE6-9905-4679-BFCE-7604BCDC4786}.Release|Any CPU.Build.0 = Release|Any CPU
		{80147CE6-9905-4679-BFCE-7604BCDC4786}.Release|x64.ActiveCfg = Release|Any CPU
		{80147CE6-9905-4679-BFCE-7604BCDC4786}.Release|x64.Build.0 = Release|Any CPU
		{80147CE6-9905-4679-BFCE-7604BCDC4786}.Release|x86.ActiveCfg = Release|Any CPU
		{80147CE6-9905-4679-BFCE-7604BCDC4786}.Release|x86.Build.0 = Release|Any CPU
		{742FC91E-1315-425D-9CF4-A57F6A649DC4}.Debug|Any CPU.ActiveCfg = Debug|Any CPU
		{742FC91E-1315-425D-9CF4-A57F6A649DC4}.Debug|Any CPU.Build.0 = Debug|Any CPU
		{742FC91E-1315-425D-9CF4-A57F6A649DC4}.Debug|x64.ActiveCfg = Debug|Any CPU
		{742FC91E-1315-425D-9CF4-A57F6A649DC4}.Debug|x64.Build.0 = Debug|Any CPU
		{742FC91E-1315-425D-9CF4-A57F6A649DC4}.Debug|x86.ActiveCfg = Debug|Any CPU
		{742FC91E-1315-425D-9CF4-A57F6A649DC4}.Debug|x86.Build.0 = Debug|Any CPU
		{742FC91E-1315-425D-9CF4-A57F6A649DC4}.Release|Any CPU.ActiveCfg = Release|Any CPU
		{742FC91E-1315-425D-9CF4-A57F6A649DC4}.Release|Any CPU.Build.0 = Release|Any CPU
		{742FC91E-1315-425D-9CF4-A57F6A649DC4}.Release|x64.ActiveCfg = Release|Any CPU
		{742FC91E-1315-425D-9CF4-A57F6A649DC4}.Release|x64.Build.0 = Release|Any CPU
		{742FC91E-1315-425D-9CF4-A57F6A649DC4}.Release|x86.ActiveCfg = Release|Any CPU
		{742FC91E-1315-425D-9CF4-A57F6A649DC4}.Release|x86.Build.0 = Release|Any CPU
		{CA4007DE-5A7E-4158-873F-56EA3D85B5B7}.Debug|Any CPU.ActiveCfg = Debug|Any CPU
		{CA4007DE-5A7E-4158-873F-56EA3D85B5B7}.Debug|Any CPU.Build.0 = Debug|Any CPU
		{CA4007DE-5A7E-4158-873F-56EA3D85B5B7}.Debug|x64.ActiveCfg = Debug|Any CPU
		{CA4007DE-5A7E-4158-873F-56EA3D85B5B7}.Debug|x64.Build.0 = Debug|Any CPU
		{CA4007DE-5A7E-4158-873F-56EA3D85B5B7}.Debug|x86.ActiveCfg = Debug|Any CPU
		{CA4007DE-5A7E-4158-873F-56EA3D85B5B7}.Debug|x86.Build.0 = Debug|Any CPU
		{CA4007DE-5A7E-4158-873F-56EA3D85B5B7}.Release|Any CPU.ActiveCfg = Release|Any CPU
		{CA4007DE-5A7E-4158-873F-56EA3D85B5B7}.Release|Any CPU.Build.0 = Release|Any CPU
		{CA4007DE-5A7E-4158-873F-56EA3D85B5B7}.Release|x64.ActiveCfg = Release|Any CPU
		{CA4007DE-5A7E-4158-873F-56EA3D85B5B7}.Release|x64.Build.0 = Release|Any CPU
		{CA4007DE-5A7E-4158-873F-56EA3D85B5B7}.Release|x86.ActiveCfg = Release|Any CPU
		{CA4007DE-5A7E-4158-873F-56EA3D85B5B7}.Release|x86.Build.0 = Release|Any CPU
		{494AF9E2-D33D-4ECF-BCC9-B54DC888F54E}.Debug|Any CPU.ActiveCfg = Debug|Any CPU
		{494AF9E2-D33D-4ECF-BCC9-B54DC888F54E}.Debug|Any CPU.Build.0 = Debug|Any CPU
		{494AF9E2-D33D-4ECF-BCC9-B54DC888F54E}.Debug|x64.ActiveCfg = Debug|Any CPU
		{494AF9E2-D33D-4ECF-BCC9-B54DC888F54E}.Debug|x64.Build.0 = Debug|Any CPU
		{494AF9E2-D33D-4ECF-BCC9-B54DC888F54E}.Debug|x86.ActiveCfg = Debug|Any CPU
		{494AF9E2-D33D-4ECF-BCC9-B54DC888F54E}.Debug|x86.Build.0 = Debug|Any CPU
		{494AF9E2-D33D-4ECF-BCC9-B54DC888F54E}.Release|Any CPU.ActiveCfg = Release|Any CPU
		{494AF9E2-D33D-4ECF-BCC9-B54DC888F54E}.Release|Any CPU.Build.0 = Release|Any CPU
		{494AF9E2-D33D-4ECF-BCC9-B54DC888F54E}.Release|x64.ActiveCfg = Release|Any CPU
		{494AF9E2-D33D-4ECF-BCC9-B54DC888F54E}.Release|x64.Build.0 = Release|Any CPU
		{494AF9E2-D33D-4ECF-BCC9-B54DC888F54E}.Release|x86.ActiveCfg = Release|Any CPU
		{494AF9E2-D33D-4ECF-BCC9-B54DC888F54E}.Release|x86.Build.0 = Release|Any CPU
		{314AFD50-EEF9-40B4-AAB8-BA2C4A4F3089}.Debug|Any CPU.ActiveCfg = Debug|Any CPU
		{314AFD50-EEF9-40B4-AAB8-BA2C4A4F3089}.Debug|Any CPU.Build.0 = Debug|Any CPU
		{314AFD50-EEF9-40B4-AAB8-BA2C4A4F3089}.Debug|x64.ActiveCfg = Debug|Any CPU
		{314AFD50-EEF9-40B4-AAB8-BA2C4A4F3089}.Debug|x64.Build.0 = Debug|Any CPU
		{314AFD50-EEF9-40B4-AAB8-BA2C4A4F3089}.Debug|x86.ActiveCfg = Debug|Any CPU
		{314AFD50-EEF9-40B4-AAB8-BA2C4A4F3089}.Debug|x86.Build.0 = Debug|Any CPU
		{314AFD50-EEF9-40B4-AAB8-BA2C4A4F3089}.Release|Any CPU.ActiveCfg = Release|Any CPU
		{314AFD50-EEF9-40B4-AAB8-BA2C4A4F3089}.Release|Any CPU.Build.0 = Release|Any CPU
		{314AFD50-EEF9-40B4-AAB8-BA2C4A4F3089}.Release|x64.ActiveCfg = Release|Any CPU
		{314AFD50-EEF9-40B4-AAB8-BA2C4A4F3089}.Release|x64.Build.0 = Release|Any CPU
		{314AFD50-EEF9-40B4-AAB8-BA2C4A4F3089}.Release|x86.ActiveCfg = Release|Any CPU
		{314AFD50-EEF9-40B4-AAB8-BA2C4A4F3089}.Release|x86.Build.0 = Release|Any CPU
		{E4F6C893-7AED-4EE3-9884-0B3332B43098}.Debug|Any CPU.ActiveCfg = Debug|Any CPU
		{E4F6C893-7AED-4EE3-9884-0B3332B43098}.Debug|Any CPU.Build.0 = Debug|Any CPU
		{E4F6C893-7AED-4EE3-9884-0B3332B43098}.Debug|x64.ActiveCfg = Debug|Any CPU
		{E4F6C893-7AED-4EE3-9884-0B3332B43098}.Debug|x64.Build.0 = Debug|Any CPU
		{E4F6C893-7AED-4EE3-9884-0B3332B43098}.Debug|x86.ActiveCfg = Debug|Any CPU
		{E4F6C893-7AED-4EE3-9884-0B3332B43098}.Debug|x86.Build.0 = Debug|Any CPU
		{E4F6C893-7AED-4EE3-9884-0B3332B43098}.Release|Any CPU.ActiveCfg = Release|Any CPU
		{E4F6C893-7AED-4EE3-9884-0B3332B43098}.Release|Any CPU.Build.0 = Release|Any CPU
		{E4F6C893-7AED-4EE3-9884-0B3332B43098}.Release|x64.ActiveCfg = Release|Any CPU
		{E4F6C893-7AED-4EE3-9884-0B3332B43098}.Release|x64.Build.0 = Release|Any CPU
		{E4F6C893-7AED-4EE3-9884-0B3332B43098}.Release|x86.ActiveCfg = Release|Any CPU
		{E4F6C893-7AED-4EE3-9884-0B3332B43098}.Release|x86.Build.0 = Release|Any CPU
		{452FD97C-08ED-4B18-A468-D72D164A8104}.Debug|Any CPU.ActiveCfg = Debug|x64
		{452FD97C-08ED-4B18-A468-D72D164A8104}.Debug|Any CPU.Build.0 = Debug|x64
		{452FD97C-08ED-4B18-A468-D72D164A8104}.Debug|x64.ActiveCfg = Debug|x64
		{452FD97C-08ED-4B18-A468-D72D164A8104}.Debug|x64.Build.0 = Debug|x64
		{452FD97C-08ED-4B18-A468-D72D164A8104}.Debug|x86.ActiveCfg = Debug|Win32
		{452FD97C-08ED-4B18-A468-D72D164A8104}.Debug|x86.Build.0 = Debug|Win32
		{452FD97C-08ED-4B18-A468-D72D164A8104}.Release|Any CPU.ActiveCfg = Release|x64
		{452FD97C-08ED-4B18-A468-D72D164A8104}.Release|Any CPU.Build.0 = Release|x64
		{452FD97C-08ED-4B18-A468-D72D164A8104}.Release|x64.ActiveCfg = Release|x64
		{452FD97C-08ED-4B18-A468-D72D164A8104}.Release|x64.Build.0 = Release|x64
		{452FD97C-08ED-4B18-A468-D72D164A8104}.Release|x86.ActiveCfg = Release|Win32
		{452FD97C-08ED-4B18-A468-D72D164A8104}.Release|x86.Build.0 = Release|Win32
		{556B0F5D-15B1-441A-9CFE-D9087E02AE6D}.Debug|Any CPU.ActiveCfg = Debug|Any CPU
		{556B0F5D-15B1-441A-9CFE-D9087E02AE6D}.Debug|Any CPU.Build.0 = Debug|Any CPU
		{556B0F5D-15B1-441A-9CFE-D9087E02AE6D}.Debug|x64.ActiveCfg = Debug|Any CPU
		{556B0F5D-15B1-441A-9CFE-D9087E02AE6D}.Debug|x64.Build.0 = Debug|Any CPU
		{556B0F5D-15B1-441A-9CFE-D9087E02AE6D}.Debug|x86.ActiveCfg = Debug|Any CPU
		{556B0F5D-15B1-441A-9CFE-D9087E02AE6D}.Debug|x86.Build.0 = Debug|Any CPU
		{556B0F5D-15B1-441A-9CFE-D9087E02AE6D}.Release|Any CPU.ActiveCfg = Release|Any CPU
		{556B0F5D-15B1-441A-9CFE-D9087E02AE6D}.Release|Any CPU.Build.0 = Release|Any CPU
		{556B0F5D-15B1-441A-9CFE-D9087E02AE6D}.Release|x64.ActiveCfg = Release|Any CPU
		{556B0F5D-15B1-441A-9CFE-D9087E02AE6D}.Release|x64.Build.0 = Release|Any CPU
		{556B0F5D-15B1-441A-9CFE-D9087E02AE6D}.Release|x86.ActiveCfg = Release|Any CPU
		{556B0F5D-15B1-441A-9CFE-D9087E02AE6D}.Release|x86.Build.0 = Release|Any CPU
		{AB9E0FEE-E37D-4115-9159-A260F2861A35}.Debug|Any CPU.ActiveCfg = Debug|Any CPU
		{AB9E0FEE-E37D-4115-9159-A260F2861A35}.Debug|Any CPU.Build.0 = Debug|Any CPU
		{AB9E0FEE-E37D-4115-9159-A260F2861A35}.Debug|x64.ActiveCfg = Debug|Any CPU
		{AB9E0FEE-E37D-4115-9159-A260F2861A35}.Debug|x64.Build.0 = Debug|Any CPU
		{AB9E0FEE-E37D-4115-9159-A260F2861A35}.Debug|x86.ActiveCfg = Debug|Any CPU
		{AB9E0FEE-E37D-4115-9159-A260F2861A35}.Debug|x86.Build.0 = Debug|Any CPU
		{AB9E0FEE-E37D-4115-9159-A260F2861A35}.Release|Any CPU.ActiveCfg = Release|Any CPU
		{AB9E0FEE-E37D-4115-9159-A260F2861A35}.Release|Any CPU.Build.0 = Release|Any CPU
		{AB9E0FEE-E37D-4115-9159-A260F2861A35}.Release|x64.ActiveCfg = Release|Any CPU
		{AB9E0FEE-E37D-4115-9159-A260F2861A35}.Release|x64.Build.0 = Release|Any CPU
		{AB9E0FEE-E37D-4115-9159-A260F2861A35}.Release|x86.ActiveCfg = Release|Any CPU
		{AB9E0FEE-E37D-4115-9159-A260F2861A35}.Release|x86.Build.0 = Release|Any CPU
		{E4C85C50-3942-46CC-8BF5-BE1D790C7670}.Debug|Any CPU.ActiveCfg = Debug|Any CPU
		{E4C85C50-3942-46CC-8BF5-BE1D790C7670}.Debug|Any CPU.Build.0 = Debug|Any CPU
		{E4C85C50-3942-46CC-8BF5-BE1D790C7670}.Debug|x64.ActiveCfg = Debug|Any CPU
		{E4C85C50-3942-46CC-8BF5-BE1D790C7670}.Debug|x64.Build.0 = Debug|Any CPU
		{E4C85C50-3942-46CC-8BF5-BE1D790C7670}.Debug|x86.ActiveCfg = Debug|Any CPU
		{E4C85C50-3942-46CC-8BF5-BE1D790C7670}.Debug|x86.Build.0 = Debug|Any CPU
		{E4C85C50-3942-46CC-8BF5-BE1D790C7670}.Release|Any CPU.ActiveCfg = Release|Any CPU
		{E4C85C50-3942-46CC-8BF5-BE1D790C7670}.Release|Any CPU.Build.0 = Release|Any CPU
		{E4C85C50-3942-46CC-8BF5-BE1D790C7670}.Release|x64.ActiveCfg = Release|Any CPU
		{E4C85C50-3942-46CC-8BF5-BE1D790C7670}.Release|x64.Build.0 = Release|Any CPU
		{E4C85C50-3942-46CC-8BF5-BE1D790C7670}.Release|x86.ActiveCfg = Release|Any CPU
		{E4C85C50-3942-46CC-8BF5-BE1D790C7670}.Release|x86.Build.0 = Release|Any CPU
		{4DFCEAF7-DD5B-4FD2-8DC6-95EFC758CE16}.Debug|Any CPU.ActiveCfg = Debug|Any CPU
		{4DFCEAF7-DD5B-4FD2-8DC6-95EFC758CE16}.Debug|Any CPU.Build.0 = Debug|Any CPU
		{4DFCEAF7-DD5B-4FD2-8DC6-95EFC758CE16}.Debug|x64.ActiveCfg = Debug|Any CPU
		{4DFCEAF7-DD5B-4FD2-8DC6-95EFC758CE16}.Debug|x64.Build.0 = Debug|Any CPU
		{4DFCEAF7-DD5B-4FD2-8DC6-95EFC758CE16}.Debug|x86.ActiveCfg = Debug|Any CPU
		{4DFCEAF7-DD5B-4FD2-8DC6-95EFC758CE16}.Debug|x86.Build.0 = Debug|Any CPU
		{4DFCEAF7-DD5B-4FD2-8DC6-95EFC758CE16}.Release|Any CPU.ActiveCfg = Release|Any CPU
		{4DFCEAF7-DD5B-4FD2-8DC6-95EFC758CE16}.Release|Any CPU.Build.0 = Release|Any CPU
		{4DFCEAF7-DD5B-4FD2-8DC6-95EFC758CE16}.Release|x64.ActiveCfg = Release|Any CPU
		{4DFCEAF7-DD5B-4FD2-8DC6-95EFC758CE16}.Release|x64.Build.0 = Release|Any CPU
		{4DFCEAF7-DD5B-4FD2-8DC6-95EFC758CE16}.Release|x86.ActiveCfg = Release|Any CPU
		{4DFCEAF7-DD5B-4FD2-8DC6-95EFC758CE16}.Release|x86.Build.0 = Release|Any CPU
		{D3B20C8C-B702-4B0A-80A0-7B402A294369}.Debug|Any CPU.ActiveCfg = Debug|Any CPU
		{D3B20C8C-B702-4B0A-80A0-7B402A294369}.Debug|Any CPU.Build.0 = Debug|Any CPU
		{D3B20C8C-B702-4B0A-80A0-7B402A294369}.Debug|x64.ActiveCfg = Debug|Any CPU
		{D3B20C8C-B702-4B0A-80A0-7B402A294369}.Debug|x64.Build.0 = Debug|Any CPU
		{D3B20C8C-B702-4B0A-80A0-7B402A294369}.Debug|x86.ActiveCfg = Debug|Any CPU
		{D3B20C8C-B702-4B0A-80A0-7B402A294369}.Debug|x86.Build.0 = Debug|Any CPU
		{D3B20C8C-B702-4B0A-80A0-7B402A294369}.Release|Any CPU.ActiveCfg = Release|Any CPU
		{D3B20C8C-B702-4B0A-80A0-7B402A294369}.Release|Any CPU.Build.0 = Release|Any CPU
		{D3B20C8C-B702-4B0A-80A0-7B402A294369}.Release|x64.ActiveCfg = Release|Any CPU
		{D3B20C8C-B702-4B0A-80A0-7B402A294369}.Release|x64.Build.0 = Release|Any CPU
		{D3B20C8C-B702-4B0A-80A0-7B402A294369}.Release|x86.ActiveCfg = Release|Any CPU
		{D3B20C8C-B702-4B0A-80A0-7B402A294369}.Release|x86.Build.0 = Release|Any CPU
		{69C3BC7F-12ED-4422-80B8-114BEDA36CD6}.Debug|Any CPU.ActiveCfg = Debug|Any CPU
		{69C3BC7F-12ED-4422-80B8-114BEDA36CD6}.Debug|Any CPU.Build.0 = Debug|Any CPU
		{69C3BC7F-12ED-4422-80B8-114BEDA36CD6}.Debug|x64.ActiveCfg = Debug|Any CPU
		{69C3BC7F-12ED-4422-80B8-114BEDA36CD6}.Debug|x64.Build.0 = Debug|Any CPU
		{69C3BC7F-12ED-4422-80B8-114BEDA36CD6}.Debug|x86.ActiveCfg = Debug|Any CPU
		{69C3BC7F-12ED-4422-80B8-114BEDA36CD6}.Debug|x86.Build.0 = Debug|Any CPU
		{69C3BC7F-12ED-4422-80B8-114BEDA36CD6}.Release|Any CPU.ActiveCfg = Release|Any CPU
		{69C3BC7F-12ED-4422-80B8-114BEDA36CD6}.Release|Any CPU.Build.0 = Release|Any CPU
		{69C3BC7F-12ED-4422-80B8-114BEDA36CD6}.Release|x64.ActiveCfg = Release|Any CPU
		{69C3BC7F-12ED-4422-80B8-114BEDA36CD6}.Release|x64.Build.0 = Release|Any CPU
		{69C3BC7F-12ED-4422-80B8-114BEDA36CD6}.Release|x86.ActiveCfg = Release|Any CPU
		{69C3BC7F-12ED-4422-80B8-114BEDA36CD6}.Release|x86.Build.0 = Release|Any CPU
		{623896E3-5559-426D-A52E-239FFFF73B4E}.Debug|Any CPU.ActiveCfg = Debug|x64
		{623896E3-5559-426D-A52E-239FFFF73B4E}.Debug|Any CPU.Build.0 = Debug|x64
		{623896E3-5559-426D-A52E-239FFFF73B4E}.Debug|x64.ActiveCfg = Debug|x64
		{623896E3-5559-426D-A52E-239FFFF73B4E}.Debug|x64.Build.0 = Debug|x64
		{623896E3-5559-426D-A52E-239FFFF73B4E}.Debug|x86.ActiveCfg = Debug|Win32
		{623896E3-5559-426D-A52E-239FFFF73B4E}.Debug|x86.Build.0 = Debug|Win32
		{623896E3-5559-426D-A52E-239FFFF73B4E}.Release|Any CPU.ActiveCfg = Release|x64
		{623896E3-5559-426D-A52E-239FFFF73B4E}.Release|Any CPU.Build.0 = Release|x64
		{623896E3-5559-426D-A52E-239FFFF73B4E}.Release|x64.ActiveCfg = Release|x64
		{623896E3-5559-426D-A52E-239FFFF73B4E}.Release|x64.Build.0 = Release|x64
		{623896E3-5559-426D-A52E-239FFFF73B4E}.Release|x86.ActiveCfg = Release|Win32
		{623896E3-5559-426D-A52E-239FFFF73B4E}.Release|x86.Build.0 = Release|Win32
		{2D73097F-9B67-4D2A-A0CE-BD6DA80BEBBC}.Debug|Any CPU.ActiveCfg = Debug|Any CPU
		{2D73097F-9B67-4D2A-A0CE-BD6DA80BEBBC}.Debug|Any CPU.Build.0 = Debug|Any CPU
		{2D73097F-9B67-4D2A-A0CE-BD6DA80BEBBC}.Debug|x64.ActiveCfg = Debug|Any CPU
		{2D73097F-9B67-4D2A-A0CE-BD6DA80BEBBC}.Debug|x64.Build.0 = Debug|Any CPU
		{2D73097F-9B67-4D2A-A0CE-BD6DA80BEBBC}.Debug|x86.ActiveCfg = Debug|Any CPU
		{2D73097F-9B67-4D2A-A0CE-BD6DA80BEBBC}.Debug|x86.Build.0 = Debug|Any CPU
		{2D73097F-9B67-4D2A-A0CE-BD6DA80BEBBC}.Release|Any CPU.ActiveCfg = Release|Any CPU
		{2D73097F-9B67-4D2A-A0CE-BD6DA80BEBBC}.Release|Any CPU.Build.0 = Release|Any CPU
		{2D73097F-9B67-4D2A-A0CE-BD6DA80BEBBC}.Release|x64.ActiveCfg = Release|Any CPU
		{2D73097F-9B67-4D2A-A0CE-BD6DA80BEBBC}.Release|x64.Build.0 = Release|Any CPU
		{2D73097F-9B67-4D2A-A0CE-BD6DA80BEBBC}.Release|x86.ActiveCfg = Release|Any CPU
		{2D73097F-9B67-4D2A-A0CE-BD6DA80BEBBC}.Release|x86.Build.0 = Release|Any CPU
		{D33FBF74-A034-4EA0-BA0A-44CA9AB1FF11}.Debug|Any CPU.ActiveCfg = Debug|x64
		{D33FBF74-A034-4EA0-BA0A-44CA9AB1FF11}.Debug|Any CPU.Build.0 = Debug|x64
		{D33FBF74-A034-4EA0-BA0A-44CA9AB1FF11}.Debug|x64.ActiveCfg = Debug|x64
		{D33FBF74-A034-4EA0-BA0A-44CA9AB1FF11}.Debug|x64.Build.0 = Debug|x64
		{D33FBF74-A034-4EA0-BA0A-44CA9AB1FF11}.Debug|x86.ActiveCfg = Debug|Win32
		{D33FBF74-A034-4EA0-BA0A-44CA9AB1FF11}.Debug|x86.Build.0 = Debug|Win32
		{D33FBF74-A034-4EA0-BA0A-44CA9AB1FF11}.Release|Any CPU.ActiveCfg = Release|x64
		{D33FBF74-A034-4EA0-BA0A-44CA9AB1FF11}.Release|Any CPU.Build.0 = Release|x64
		{D33FBF74-A034-4EA0-BA0A-44CA9AB1FF11}.Release|x64.ActiveCfg = Release|x64
		{D33FBF74-A034-4EA0-BA0A-44CA9AB1FF11}.Release|x64.Build.0 = Release|x64
		{D33FBF74-A034-4EA0-BA0A-44CA9AB1FF11}.Release|x86.ActiveCfg = Release|Win32
		{D33FBF74-A034-4EA0-BA0A-44CA9AB1FF11}.Release|x86.Build.0 = Release|Win32
	EndGlobalSection
	GlobalSection(SolutionProperties) = preSolution
		HideSolutionNode = FALSE
	EndGlobalSection
	GlobalSection(NestedProjects) = preSolution
		{B7EA0AC2-DADD-496A-89BF-67903D70F2C7} = {30DE1BBD-BD4B-41E1-B38F-8CD678598542}
		{6CD1CE4F-0880-499B-A3CA-FE524FB3FC28} = {30DE1BBD-BD4B-41E1-B38F-8CD678598542}
		{8F797A00-6477-4CAC-AE8B-9132638101C5} = {30DE1BBD-BD4B-41E1-B38F-8CD678598542}
		{DC410641-91C6-4856-9778-C583F30A6932} = {30DE1BBD-BD4B-41E1-B38F-8CD678598542}
		{2A70AEF5-7174-4C84-B66D-3D9D8B0342B1} = {30DE1BBD-BD4B-41E1-B38F-8CD678598542}
		{67F73549-401D-4870-B2B2-E7DFE803AA95} = {30DE1BBD-BD4B-41E1-B38F-8CD678598542}
		{91273903-A31E-4293-8F5E-F419437A3890} = {30DE1BBD-BD4B-41E1-B38F-8CD678598542}
		{75B92492-6246-43F8-A176-6B75836EA460} = {30DE1BBD-BD4B-41E1-B38F-8CD678598542}
		{E2C9CBD8-D0F2-401C-B7EE-ADE2F0AE7B62} = {30DE1BBD-BD4B-41E1-B38F-8CD678598542}
		{7768BBD6-C305-4774-A69C-3E47C2903B38} = {30DE1BBD-BD4B-41E1-B38F-8CD678598542}
		{5D7B3D74-02AD-4F0E-ABF1-7360454AD93D} = {30DE1BBD-BD4B-41E1-B38F-8CD678598542}
		{492D6C0A-1540-4CAE-9E64-BE3EE6055396} = {30DE1BBD-BD4B-41E1-B38F-8CD678598542}
		{E31D64EB-4BA0-4E10-A513-EB0B85B9DAF3} = {30DE1BBD-BD4B-41E1-B38F-8CD678598542}
		{48D22317-72DB-4B84-AB1E-6C691E70FEA2} = {30DE1BBD-BD4B-41E1-B38F-8CD678598542}
		{D63D3F24-D3C5-44B0-9E54-493E58972123} = {30DE1BBD-BD4B-41E1-B38F-8CD678598542}
		{8043180A-7FDD-4245-943F-CE3E8DBAEB00} = {30DE1BBD-BD4B-41E1-B38F-8CD678598542}
		{4ECC970C-9BDD-4938-B70D-5344CBF45A41} = {30DE1BBD-BD4B-41E1-B38F-8CD678598542}
		{E45C03CF-E51B-4BDC-91C9-48C6D254CF2B} = {30DE1BBD-BD4B-41E1-B38F-8CD678598542}
		{54101B92-F87D-4B23-8924-9E55ACCD5B0F} = {30DE1BBD-BD4B-41E1-B38F-8CD678598542}
		{A6E927A7-5CA6-43AB-987E-CA31A545AECC} = {30DE1BBD-BD4B-41E1-B38F-8CD678598542}
		{79F07959-0905-453D-8474-BEE4CBEF3D82} = {30DE1BBD-BD4B-41E1-B38F-8CD678598542}
		{1552CF3D-890F-4E2D-AA55-1787CEE77253} = {30DE1BBD-BD4B-41E1-B38F-8CD678598542}
		{F5DCB7B3-AD8A-4AB1-98FD-309680899CA1} = {30DE1BBD-BD4B-41E1-B38F-8CD678598542}
		{6D53FDE7-D0B5-4EB9-A9E6-CD0F438A0BAD} = {30DE1BBD-BD4B-41E1-B38F-8CD678598542}
		{FB8B048C-BA63-425B-B761-471F3699BBB6} = {30DE1BBD-BD4B-41E1-B38F-8CD678598542}
		{A7A1B6BA-4508-4A61-B904-2AE6D04E1F99} = {30DE1BBD-BD4B-41E1-B38F-8CD678598542}
		{EF6D410C-3BFE-4032-9114-2C84A14E3514} = {30DE1BBD-BD4B-41E1-B38F-8CD678598542}
		{58695B93-C2E8-4F1A-A4BD-2310F6FD1EF4} = {30DE1BBD-BD4B-41E1-B38F-8CD678598542}
		{37B1ABB3-E102-460C-8027-4E202B4EEE74} = {30DE1BBD-BD4B-41E1-B38F-8CD678598542}
		{1DA51E5A-9390-4931-87E5-9E1D3DE1A45B} = {30DE1BBD-BD4B-41E1-B38F-8CD678598542}
		{34BDF38F-DF3B-479E-B11F-CEB1662CBE61} = {30DE1BBD-BD4B-41E1-B38F-8CD678598542}
		{8A9C5A9B-DD8E-444A-BBC9-CEB463793C53} = {30DE1BBD-BD4B-41E1-B38F-8CD678598542}
		{C24329FE-4265-4E25-9879-202E50D7F059} = {30DE1BBD-BD4B-41E1-B38F-8CD678598542}
		{F7EE7223-00D3-4F9F-87A4-EA651D6959DA} = {30DE1BBD-BD4B-41E1-B38F-8CD678598542}
		{C2D20B4B-19A1-49CD-A134-B700D4EF165F} = {30DE1BBD-BD4B-41E1-B38F-8CD678598542}
		{45201E7E-AB7A-43AE-8591-3AD0A8738576} = {30DE1BBD-BD4B-41E1-B38F-8CD678598542}
		{E90B58A0-BA33-42B2-9AEC-2E0228DA152B} = {30DE1BBD-BD4B-41E1-B38F-8CD678598542}
		{1D9E0DD8-BD19-4469-A95E-C429BC1FB83B} = {30DE1BBD-BD4B-41E1-B38F-8CD678598542}
		{80147CE6-9905-4679-BFCE-7604BCDC4786} = {30DE1BBD-BD4B-41E1-B38F-8CD678598542}
		{742FC91E-1315-425D-9CF4-A57F6A649DC4} = {30DE1BBD-BD4B-41E1-B38F-8CD678598542}
		{CA4007DE-5A7E-4158-873F-56EA3D85B5B7} = {30DE1BBD-BD4B-41E1-B38F-8CD678598542}
		{494AF9E2-D33D-4ECF-BCC9-B54DC888F54E} = {30DE1BBD-BD4B-41E1-B38F-8CD678598542}
		{314AFD50-EEF9-40B4-AAB8-BA2C4A4F3089} = {30DE1BBD-BD4B-41E1-B38F-8CD678598542}
		{E4F6C893-7AED-4EE3-9884-0B3332B43098} = {30DE1BBD-BD4B-41E1-B38F-8CD678598542}
		{452FD97C-08ED-4B18-A468-D72D164A8104} = {30DE1BBD-BD4B-41E1-B38F-8CD678598542}
		{556B0F5D-15B1-441A-9CFE-D9087E02AE6D} = {30DE1BBD-BD4B-41E1-B38F-8CD678598542}
		{AB9E0FEE-E37D-4115-9159-A260F2861A35} = {30DE1BBD-BD4B-41E1-B38F-8CD678598542}
		{E4C85C50-3942-46CC-8BF5-BE1D790C7670} = {30DE1BBD-BD4B-41E1-B38F-8CD678598542}
		{4DFCEAF7-DD5B-4FD2-8DC6-95EFC758CE16} = {30DE1BBD-BD4B-41E1-B38F-8CD678598542}
		{D3B20C8C-B702-4B0A-80A0-7B402A294369} = {30DE1BBD-BD4B-41E1-B38F-8CD678598542}
		{69C3BC7F-12ED-4422-80B8-114BEDA36CD6} = {30DE1BBD-BD4B-41E1-B38F-8CD678598542}
		{623896E3-5559-426D-A52E-239FFFF73B4E} = {30DE1BBD-BD4B-41E1-B38F-8CD678598542}
		{D33FBF74-A034-4EA0-BA0A-44CA9AB1FF11} = {30DE1BBD-BD4B-41E1-B38F-8CD678598542}
	EndGlobalSection
	GlobalSection(ExtensibilityGlobals) = postSolution
		SolutionGuid = {1C10C010-452E-44B4-817B-BE492F5072C8}
	EndGlobalSection
EndGlobal
